// !$*UTF8*$!
{
	archiveVersion = 1;
	classes = {
	};
	objectVersion = 50;
	objects = {

/* Begin PBXBuildFile section */
		3A8E719430A8C97103483090 /* libPods-AccountCheat.a in Frameworks */ = {isa = PBXBuildFile; fileRef = 59A5F0C2D479B410CED70D5E /* libPods-AccountCheat.a */; };
		552B5E8B22E05E30006EACBC /* JSDSecurityVC.m in Sources */ = {isa = PBXBuildFile; fileRef = 552B5E8A22E05E30006EACBC /* JSDSecurityVC.m */; };
		552B5E8E22E05E57006EACBC /* JSDFeedbackVC.m in Sources */ = {isa = PBXBuildFile; fileRef = 552B5E8D22E05E57006EACBC /* JSDFeedbackVC.m */; };
		552B5E9122E05EA7006EACBC /* JSDModifiPasswordVC.m in Sources */ = {isa = PBXBuildFile; fileRef = 552B5E9022E05EA7006EACBC /* JSDModifiPasswordVC.m */; };
		552B5E9422E05EBF006EACBC /* JSDPasswordSecurityVC.m in Sources */ = {isa = PBXBuildFile; fileRef = 552B5E9322E05EBF006EACBC /* JSDPasswordSecurityVC.m */; };
		553DD0DA22D73C79005D739D /* AppDelegate.m in Sources */ = {isa = PBXBuildFile; fileRef = 553DD0D922D73C79005D739D /* AppDelegate.m */; };
		553DD0E522D73C7C005D739D /* Assets.xcassets in Resources */ = {isa = PBXBuildFile; fileRef = 553DD0E422D73C7C005D739D /* Assets.xcassets */; };
		553DD0E822D73C7C005D739D /* LaunchScreen.storyboard in Resources */ = {isa = PBXBuildFile; fileRef = 553DD0E622D73C7C005D739D /* LaunchScreen.storyboard */; };
		553DD0EB22D73C7C005D739D /* main.m in Sources */ = {isa = PBXBuildFile; fileRef = 553DD0EA22D73C7C005D739D /* main.m */; };
		5577759422E01F6F00EBC77E /* JSDMyCenterTextCell.m in Sources */ = {isa = PBXBuildFile; fileRef = 5577759222E01F6F00EBC77E /* JSDMyCenterTextCell.m */; };
		5577759522E01F6F00EBC77E /* JSDMyCenterTextCell.xib in Resources */ = {isa = PBXBuildFile; fileRef = 5577759322E01F6F00EBC77E /* JSDMyCenterTextCell.xib */; };
		5577759822E01F8A00EBC77E /* JSDMyCenterViewModel.m in Sources */ = {isa = PBXBuildFile; fileRef = 5577759722E01F8A00EBC77E /* JSDMyCenterViewModel.m */; };
		557775AC22E02E6F00EBC77E /* JSDAboutWeVC.m in Sources */ = {isa = PBXBuildFile; fileRef = 557775AB22E02E6F00EBC77E /* JSDAboutWeVC.m */; };
		557775AF22E046E200EBC77E /* JSDBaseBackViewController.m in Sources */ = {isa = PBXBuildFile; fileRef = 557775AE22E046E200EBC77E /* JSDBaseBackViewController.m */; };
		557775B222E04E2600EBC77E /* JSDBaseCollectionController.m in Sources */ = {isa = PBXBuildFile; fileRef = 557775B122E04E2600EBC77E /* JSDBaseCollectionController.m */; };
		55868B6022E0079E0038903C /* web_.png in Resources */ = {isa = PBXBuildFile; fileRef = 55868B5F22E0079E0038903C /* web_.png */; };
		55868B6422E00F4B0038903C /* JSDMyCenterContentVC.m in Sources */ = {isa = PBXBuildFile; fileRef = 55868B6322E00F4B0038903C /* JSDMyCenterContentVC.m */; };
		55868B6722E010690038903C /* JSDMyCenterVC.m in Sources */ = {isa = PBXBuildFile; fileRef = 55868B6622E010690038903C /* JSDMyCenterVC.m */; };
		559332F022DC321A001D37D6 /* JSDHomeCollectionViewCell.m in Sources */ = {isa = PBXBuildFile; fileRef = 559332EE22DC321A001D37D6 /* JSDHomeCollectionViewCell.m */; };
		559332F122DC321A001D37D6 /* JSDHomeCollectionViewCell.xib in Resources */ = {isa = PBXBuildFile; fileRef = 559332EF22DC321A001D37D6 /* JSDHomeCollectionViewCell.xib */; };
		559332F422DC359F001D37D6 /* JSDHomeModel.m in Sources */ = {isa = PBXBuildFile; fileRef = 559332F322DC359F001D37D6 /* JSDHomeModel.m */; };
		559332F622DC37FA001D37D6 /* typeData.json in Resources */ = {isa = PBXBuildFile; fileRef = 559332F522DC37F9001D37D6 /* typeData.json */; };
		559332FE22DC4B14001D37D6 /* JSDAddTypeVC.m in Sources */ = {isa = PBXBuildFile; fileRef = 559332FC22DC4B14001D37D6 /* JSDAddTypeVC.m */; };
		559332FF22DC4B14001D37D6 /* JSDAddTypeVC.xib in Resources */ = {isa = PBXBuildFile; fileRef = 559332FD22DC4B14001D37D6 /* JSDAddTypeVC.xib */; };
		5593330522DC71C6001D37D6 /* JSDItemListCell.m in Sources */ = {isa = PBXBuildFile; fileRef = 5593330322DC71C6001D37D6 /* JSDItemListCell.m */; };
		5593330622DC71C6001D37D6 /* JSDItemListCell.xib in Resources */ = {isa = PBXBuildFile; fileRef = 5593330422DC71C6001D37D6 /* JSDItemListCell.xib */; };
		5593330922DC71DE001D37D6 /* JSDItemListViewModel.m in Sources */ = {isa = PBXBuildFile; fileRef = 5593330822DC71DE001D37D6 /* JSDItemListViewModel.m */; };
		5593331022DD6EFD001D37D6 /* JSDItemShowVC.m in Sources */ = {isa = PBXBuildFile; fileRef = 5593330F22DD6EFD001D37D6 /* JSDItemShowVC.m */; };
		5593331522DD6F51001D37D6 /* JSDItemShowViewCell.m in Sources */ = {isa = PBXBuildFile; fileRef = 5593331322DD6F51001D37D6 /* JSDItemShowViewCell.m */; };
		5593331622DD6F51001D37D6 /* JSDItemShowViewCell.xib in Resources */ = {isa = PBXBuildFile; fileRef = 5593331422DD6F51001D37D6 /* JSDItemShowViewCell.xib */; };
		5593331D22DD7645001D37D6 /* JSDSearchViewController.m in Sources */ = {isa = PBXBuildFile; fileRef = 5593331C22DD7645001D37D6 /* JSDSearchViewController.m */; };
		5593332022DD7DD8001D37D6 /* JSDSearchViewModel.m in Sources */ = {isa = PBXBuildFile; fileRef = 5593331F22DD7DD8001D37D6 /* JSDSearchViewModel.m */; };
		5593332422DDA933001D37D6 /* JSDSearchViewCell.m in Sources */ = {isa = PBXBuildFile; fileRef = 5593332222DDA933001D37D6 /* JSDSearchViewCell.m */; };
		5593332522DDA933001D37D6 /* JSDSearchViewCell.xib in Resources */ = {isa = PBXBuildFile; fileRef = 5593332322DDA933001D37D6 /* JSDSearchViewCell.xib */; };
		5593332722DDC648001D37D6 /* search.png in Resources */ = {isa = PBXBuildFile; fileRef = 5593332622DDC647001D37D6 /* search.png */; };
		5593332922DDC8A3001D37D6 /* add.png in Resources */ = {isa = PBXBuildFile; fileRef = 5593332822DDC8A2001D37D6 /* add.png */; };
		5593332C22DDCB6A001D37D6 /* collection_default.png in Resources */ = {isa = PBXBuildFile; fileRef = 5593332A22DDCB6A001D37D6 /* collection_default.png */; };
		5593332D22DDCB6A001D37D6 /* collection_selected.png in Resources */ = {isa = PBXBuildFile; fileRef = 5593332B22DDCB6A001D37D6 /* collection_selected.png */; };
		5593333022DEBCF5001D37D6 /* JSDAddNoteVC.m in Sources */ = {isa = PBXBuildFile; fileRef = 5593332F22DEBCF5001D37D6 /* JSDAddNoteVC.m */; };
		5593333522DECBA3001D37D6 /* UIImage+Tool.m in Sources */ = {isa = PBXBuildFile; fileRef = 5593333422DECBA3001D37D6 /* UIImage+Tool.m */; };
		5593334622DECFF8001D37D6 /* game2.png in Resources */ = {isa = PBXBuildFile; fileRef = 5593333622DECFF6001D37D6 /* game2.png */; };
		5593334722DECFF8001D37D6 /* password.png in Resources */ = {isa = PBXBuildFile; fileRef = 5593333722DECFF6001D37D6 /* password.png */; };
		5593334822DECFF8001D37D6 /* password2.png in Resources */ = {isa = PBXBuildFile; fileRef = 5593333822DECFF6001D37D6 /* password2.png */; };
		5593334922DECFF8001D37D6 /* contact.png in Resources */ = {isa = PBXBuildFile; fileRef = 5593333922DECFF7001D37D6 /* contact.png */; };
		5593334A22DECFF8001D37D6 /* mac_note.png in Resources */ = {isa = PBXBuildFile; fileRef = 5593333A22DECFF7001D37D6 /* mac_note.png */; };
		5593334B22DECFF8001D37D6 /* password3.png in Resources */ = {isa = PBXBuildFile; fileRef = 5593333B22DECFF7001D37D6 /* password3.png */; };
		5593334C22DECFF8001D37D6 /* note.png in Resources */ = {isa = PBXBuildFile; fileRef = 5593333C22DECFF7001D37D6 /* note.png */; };
		5593334D22DECFF8001D37D6 /* game.png in Resources */ = {isa = PBXBuildFile; fileRef = 5593333D22DECFF7001D37D6 /* game.png */; };
		5593334E22DECFF8001D37D6 /* github2.png in Resources */ = {isa = PBXBuildFile; fileRef = 5593333E22DECFF7001D37D6 /* github2.png */; };
		5593334F22DECFF8001D37D6 /* github.png in Resources */ = {isa = PBXBuildFile; fileRef = 5593333F22DECFF7001D37D6 /* github.png */; };
		5593335022DECFF8001D37D6 /* macNote.png in Resources */ = {isa = PBXBuildFile; fileRef = 5593334022DECFF7001D37D6 /* macNote.png */; };
		5593335122DECFF8001D37D6 /* icard.png in Resources */ = {isa = PBXBuildFile; fileRef = 5593334122DECFF7001D37D6 /* icard.png */; };
		5593335222DECFF8001D37D6 /* password4.png in Resources */ = {isa = PBXBuildFile; fileRef = 5593334222DECFF8001D37D6 /* password4.png */; };
		5593335322DECFF8001D37D6 /* web.png in Resources */ = {isa = PBXBuildFile; fileRef = 5593334322DECFF8001D37D6 /* web.png */; };
		5593335422DECFF8001D37D6 /* impression.png in Resources */ = {isa = PBXBuildFile; fileRef = 5593334422DECFF8001D37D6 /* impression.png */; };
		5593335522DECFF8001D37D6 /* mac_note2.png in Resources */ = {isa = PBXBuildFile; fileRef = 5593334522DECFF8001D37D6 /* mac_note2.png */; };
		5593335B22DEDC21001D37D6 /* JSDPlusButton.m in Sources */ = {isa = PBXBuildFile; fileRef = 5593335A22DEDC21001D37D6 /* JSDPlusButton.m */; };
		559333B922DF2005001D37D6 /* JSDFlagColorModel.m in Sources */ = {isa = PBXBuildFile; fileRef = 559333B822DF2005001D37D6 /* JSDFlagColorModel.m */; };
		6081895922D9DC68007CF7E9 /* JSDItemListViewController.m in Sources */ = {isa = PBXBuildFile; fileRef = 6081895822D9DC68007CF7E9 /* JSDItemListViewController.m */; };
		6081895E22D9EBBC007CF7E9 /* JSDEditNoteVC.m in Sources */ = {isa = PBXBuildFile; fileRef = 6081895D22D9EBBC007CF7E9 /* JSDEditNoteVC.m */; };
		6081896322DAE56C007CF7E9 /* JSDEditNoteView.m in Sources */ = {isa = PBXBuildFile; fileRef = 6081896222DAE56C007CF7E9 /* JSDEditNoteView.m */; };
		6081896722DAE59E007CF7E9 /* JSDEditNoteView.xib in Resources */ = {isa = PBXBuildFile; fileRef = 6081896622DAE59E007CF7E9 /* JSDEditNoteView.xib */; };
		6081897122DCC273007CF7E9 /* JSDItemListVC.m in Sources */ = {isa = PBXBuildFile; fileRef = 6081897022DCC273007CF7E9 /* JSDItemListVC.m */; };
		6081897522DCC50E007CF7E9 /* JSDItemTableCell.m in Sources */ = {isa = PBXBuildFile; fileRef = 6081897322DCC50E007CF7E9 /* JSDItemTableCell.m */; };
		6081897622DCC50E007CF7E9 /* JSDItemTableCell.xib in Resources */ = {isa = PBXBuildFile; fileRef = 6081897422DCC50E007CF7E9 /* JSDItemTableCell.xib */; };
		6081897922DF5BC7007CF7E9 /* JSDAddNoteToTypeVC.m in Sources */ = {isa = PBXBuildFile; fileRef = 6081897822DF5BC7007CF7E9 /* JSDAddNoteToTypeVC.m */; };
		6081897C22DF5BEE007CF7E9 /* JSDAddNoteToTypeView.m in Sources */ = {isa = PBXBuildFile; fileRef = 6081897B22DF5BEE007CF7E9 /* JSDAddNoteToTypeView.m */; };
		6081897E22DF5BF7007CF7E9 /* JSDAddNoteToTypeView.xib in Resources */ = {isa = PBXBuildFile; fileRef = 6081897D22DF5BF7007CF7E9 /* JSDAddNoteToTypeView.xib */; };
		60F709D322D7770100D05534 /* UIColor+JSDStyle.m in Sources */ = {isa = PBXBuildFile; fileRef = 60F709BC22D7770000D05534 /* UIColor+JSDStyle.m */; };
		60F709D422D7770100D05534 /* UIView+JSDFrame.m in Sources */ = {isa = PBXBuildFile; fileRef = 60F709BE22D7770000D05534 /* UIView+JSDFrame.m */; };
		60F709D522D7770100D05534 /* JSDTabBarController.m in Sources */ = {isa = PBXBuildFile; fileRef = 60F709CB22D7770100D05534 /* JSDTabBarController.m */; };
		60F709D622D7770100D05534 /* JSDBaseViewController.m in Sources */ = {isa = PBXBuildFile; fileRef = 60F709CE22D7770100D05534 /* JSDBaseViewController.m */; };
		60F709D722D7770100D05534 /* JSDBaseNavigationController.m in Sources */ = {isa = PBXBuildFile; fileRef = 60F709D122D7770100D05534 /* JSDBaseNavigationController.m */; };
		60F709DA22D77DA500D05534 /* JSDHomeViewController.m in Sources */ = {isa = PBXBuildFile; fileRef = 60F709D922D77DA500D05534 /* JSDHomeViewController.m */; };
/* End PBXBuildFile section */

/* Begin PBXFileReference section */
		1B43226E312D774371B81F5D /* Pods-AccountCheat.debug.xcconfig */ = {isa = PBXFileReference; includeInIndex = 1; lastKnownFileType = text.xcconfig; name = "Pods-AccountCheat.debug.xcconfig"; path = "Target Support Files/Pods-AccountCheat/Pods-AccountCheat.debug.xcconfig"; sourceTree = "<group>"; };
		552B5E8922E05E30006EACBC /* JSDSecurityVC.h */ = {isa = PBXFileReference; lastKnownFileType = sourcecode.c.h; path = JSDSecurityVC.h; sourceTree = "<group>"; };
		552B5E8A22E05E30006EACBC /* JSDSecurityVC.m */ = {isa = PBXFileReference; lastKnownFileType = sourcecode.c.objc; path = JSDSecurityVC.m; sourceTree = "<group>"; };
		552B5E8C22E05E57006EACBC /* JSDFeedbackVC.h */ = {isa = PBXFileReference; lastKnownFileType = sourcecode.c.h; path = JSDFeedbackVC.h; sourceTree = "<group>"; };
		552B5E8D22E05E57006EACBC /* JSDFeedbackVC.m */ = {isa = PBXFileReference; lastKnownFileType = sourcecode.c.objc; path = JSDFeedbackVC.m; sourceTree = "<group>"; };
		552B5E8F22E05EA7006EACBC /* JSDModifiPasswordVC.h */ = {isa = PBXFileReference; lastKnownFileType = sourcecode.c.h; path = JSDModifiPasswordVC.h; sourceTree = "<group>"; };
		552B5E9022E05EA7006EACBC /* JSDModifiPasswordVC.m */ = {isa = PBXFileReference; lastKnownFileType = sourcecode.c.objc; path = JSDModifiPasswordVC.m; sourceTree = "<group>"; };
		552B5E9222E05EBF006EACBC /* JSDPasswordSecurityVC.h */ = {isa = PBXFileReference; lastKnownFileType = sourcecode.c.h; path = JSDPasswordSecurityVC.h; sourceTree = "<group>"; };
		552B5E9322E05EBF006EACBC /* JSDPasswordSecurityVC.m */ = {isa = PBXFileReference; lastKnownFileType = sourcecode.c.objc; path = JSDPasswordSecurityVC.m; sourceTree = "<group>"; };
		553DD0D522D73C79005D739D /* AccountCheat.app */ = {isa = PBXFileReference; explicitFileType = wrapper.application; includeInIndex = 0; path = AccountCheat.app; sourceTree = BUILT_PRODUCTS_DIR; };
		553DD0D822D73C79005D739D /* AppDelegate.h */ = {isa = PBXFileReference; lastKnownFileType = sourcecode.c.h; path = AppDelegate.h; sourceTree = "<group>"; };
		553DD0D922D73C79005D739D /* AppDelegate.m */ = {isa = PBXFileReference; lastKnownFileType = sourcecode.c.objc; path = AppDelegate.m; sourceTree = "<group>"; };
		553DD0E422D73C7C005D739D /* Assets.xcassets */ = {isa = PBXFileReference; lastKnownFileType = folder.assetcatalog; path = Assets.xcassets; sourceTree = "<group>"; };
		553DD0E722D73C7C005D739D /* Base */ = {isa = PBXFileReference; lastKnownFileType = file.storyboard; name = Base; path = Base.lproj/LaunchScreen.storyboard; sourceTree = "<group>"; };
		553DD0E922D73C7C005D739D /* Info.plist */ = {isa = PBXFileReference; lastKnownFileType = text.plist.xml; path = Info.plist; sourceTree = "<group>"; };
		553DD0EA22D73C7C005D739D /* main.m */ = {isa = PBXFileReference; lastKnownFileType = sourcecode.c.objc; path = main.m; sourceTree = "<group>"; };
		5577759122E01F6F00EBC77E /* JSDMyCenterTextCell.h */ = {isa = PBXFileReference; lastKnownFileType = sourcecode.c.h; path = JSDMyCenterTextCell.h; sourceTree = "<group>"; };
		5577759222E01F6F00EBC77E /* JSDMyCenterTextCell.m */ = {isa = PBXFileReference; lastKnownFileType = sourcecode.c.objc; path = JSDMyCenterTextCell.m; sourceTree = "<group>"; };
		5577759322E01F6F00EBC77E /* JSDMyCenterTextCell.xib */ = {isa = PBXFileReference; lastKnownFileType = file.xib; path = JSDMyCenterTextCell.xib; sourceTree = "<group>"; };
		5577759622E01F8A00EBC77E /* JSDMyCenterViewModel.h */ = {isa = PBXFileReference; lastKnownFileType = sourcecode.c.h; path = JSDMyCenterViewModel.h; sourceTree = "<group>"; };
		5577759722E01F8A00EBC77E /* JSDMyCenterViewModel.m */ = {isa = PBXFileReference; lastKnownFileType = sourcecode.c.objc; path = JSDMyCenterViewModel.m; sourceTree = "<group>"; };
		557775AA22E02E6F00EBC77E /* JSDAboutWeVC.h */ = {isa = PBXFileReference; lastKnownFileType = sourcecode.c.h; path = JSDAboutWeVC.h; sourceTree = "<group>"; };
		557775AB22E02E6F00EBC77E /* JSDAboutWeVC.m */ = {isa = PBXFileReference; lastKnownFileType = sourcecode.c.objc; path = JSDAboutWeVC.m; sourceTree = "<group>"; };
		557775AD22E046E200EBC77E /* JSDBaseBackViewController.h */ = {isa = PBXFileReference; lastKnownFileType = sourcecode.c.h; path = JSDBaseBackViewController.h; sourceTree = "<group>"; };
		557775AE22E046E200EBC77E /* JSDBaseBackViewController.m */ = {isa = PBXFileReference; lastKnownFileType = sourcecode.c.objc; path = JSDBaseBackViewController.m; sourceTree = "<group>"; };
		557775B022E04E2600EBC77E /* JSDBaseCollectionController.h */ = {isa = PBXFileReference; lastKnownFileType = sourcecode.c.h; path = JSDBaseCollectionController.h; sourceTree = "<group>"; };
		557775B122E04E2600EBC77E /* JSDBaseCollectionController.m */ = {isa = PBXFileReference; lastKnownFileType = sourcecode.c.objc; path = JSDBaseCollectionController.m; sourceTree = "<group>"; };
		55868B5F22E0079E0038903C /* web_.png */ = {isa = PBXFileReference; lastKnownFileType = image.png; path = web_.png; sourceTree = "<group>"; };
		55868B6222E00F4B0038903C /* JSDMyCenterContentVC.h */ = {isa = PBXFileReference; lastKnownFileType = sourcecode.c.h; path = JSDMyCenterContentVC.h; sourceTree = "<group>"; };
		55868B6322E00F4B0038903C /* JSDMyCenterContentVC.m */ = {isa = PBXFileReference; lastKnownFileType = sourcecode.c.objc; path = JSDMyCenterContentVC.m; sourceTree = "<group>"; };
		55868B6522E010690038903C /* JSDMyCenterVC.h */ = {isa = PBXFileReference; lastKnownFileType = sourcecode.c.h; path = JSDMyCenterVC.h; sourceTree = "<group>"; };
		55868B6622E010690038903C /* JSDMyCenterVC.m */ = {isa = PBXFileReference; lastKnownFileType = sourcecode.c.objc; path = JSDMyCenterVC.m; sourceTree = "<group>"; };
		559332ED22DC321A001D37D6 /* JSDHomeCollectionViewCell.h */ = {isa = PBXFileReference; lastKnownFileType = sourcecode.c.h; path = JSDHomeCollectionViewCell.h; sourceTree = "<group>"; };
		559332EE22DC321A001D37D6 /* JSDHomeCollectionViewCell.m */ = {isa = PBXFileReference; lastKnownFileType = sourcecode.c.objc; path = JSDHomeCollectionViewCell.m; sourceTree = "<group>"; };
		559332EF22DC321A001D37D6 /* JSDHomeCollectionViewCell.xib */ = {isa = PBXFileReference; lastKnownFileType = file.xib; path = JSDHomeCollectionViewCell.xib; sourceTree = "<group>"; };
		559332F222DC359F001D37D6 /* JSDHomeModel.h */ = {isa = PBXFileReference; lastKnownFileType = sourcecode.c.h; path = JSDHomeModel.h; sourceTree = "<group>"; };
		559332F322DC359F001D37D6 /* JSDHomeModel.m */ = {isa = PBXFileReference; lastKnownFileType = sourcecode.c.objc; path = JSDHomeModel.m; sourceTree = "<group>"; };
		559332F522DC37F9001D37D6 /* typeData.json */ = {isa = PBXFileReference; fileEncoding = 4; lastKnownFileType = text.json; path = typeData.json; sourceTree = "<group>"; };
		559332FB22DC4B14001D37D6 /* JSDAddTypeVC.h */ = {isa = PBXFileReference; lastKnownFileType = sourcecode.c.h; path = JSDAddTypeVC.h; sourceTree = "<group>"; };
		559332FC22DC4B14001D37D6 /* JSDAddTypeVC.m */ = {isa = PBXFileReference; lastKnownFileType = sourcecode.c.objc; path = JSDAddTypeVC.m; sourceTree = "<group>"; };
		559332FD22DC4B14001D37D6 /* JSDAddTypeVC.xib */ = {isa = PBXFileReference; lastKnownFileType = file.xib; path = JSDAddTypeVC.xib; sourceTree = "<group>"; };
		5593330222DC71C6001D37D6 /* JSDItemListCell.h */ = {isa = PBXFileReference; lastKnownFileType = sourcecode.c.h; path = JSDItemListCell.h; sourceTree = "<group>"; };
		5593330322DC71C6001D37D6 /* JSDItemListCell.m */ = {isa = PBXFileReference; lastKnownFileType = sourcecode.c.objc; path = JSDItemListCell.m; sourceTree = "<group>"; };
		5593330422DC71C6001D37D6 /* JSDItemListCell.xib */ = {isa = PBXFileReference; lastKnownFileType = file.xib; path = JSDItemListCell.xib; sourceTree = "<group>"; };
		5593330722DC71DE001D37D6 /* JSDItemListViewModel.h */ = {isa = PBXFileReference; lastKnownFileType = sourcecode.c.h; path = JSDItemListViewModel.h; sourceTree = "<group>"; };
		5593330822DC71DE001D37D6 /* JSDItemListViewModel.m */ = {isa = PBXFileReference; lastKnownFileType = sourcecode.c.objc; path = JSDItemListViewModel.m; sourceTree = "<group>"; };
		5593330E22DD6EFD001D37D6 /* JSDItemShowVC.h */ = {isa = PBXFileReference; lastKnownFileType = sourcecode.c.h; path = JSDItemShowVC.h; sourceTree = "<group>"; };
		5593330F22DD6EFD001D37D6 /* JSDItemShowVC.m */ = {isa = PBXFileReference; lastKnownFileType = sourcecode.c.objc; path = JSDItemShowVC.m; sourceTree = "<group>"; };
		5593331222DD6F51001D37D6 /* JSDItemShowViewCell.h */ = {isa = PBXFileReference; lastKnownFileType = sourcecode.c.h; path = JSDItemShowViewCell.h; sourceTree = "<group>"; };
		5593331322DD6F51001D37D6 /* JSDItemShowViewCell.m */ = {isa = PBXFileReference; lastKnownFileType = sourcecode.c.objc; path = JSDItemShowViewCell.m; sourceTree = "<group>"; };
		5593331422DD6F51001D37D6 /* JSDItemShowViewCell.xib */ = {isa = PBXFileReference; lastKnownFileType = file.xib; path = JSDItemShowViewCell.xib; sourceTree = "<group>"; };
		5593331B22DD7645001D37D6 /* JSDSearchViewController.h */ = {isa = PBXFileReference; lastKnownFileType = sourcecode.c.h; path = JSDSearchViewController.h; sourceTree = "<group>"; };
		5593331C22DD7645001D37D6 /* JSDSearchViewController.m */ = {isa = PBXFileReference; lastKnownFileType = sourcecode.c.objc; path = JSDSearchViewController.m; sourceTree = "<group>"; };
		5593331E22DD7DD8001D37D6 /* JSDSearchViewModel.h */ = {isa = PBXFileReference; lastKnownFileType = sourcecode.c.h; path = JSDSearchViewModel.h; sourceTree = "<group>"; };
		5593331F22DD7DD8001D37D6 /* JSDSearchViewModel.m */ = {isa = PBXFileReference; lastKnownFileType = sourcecode.c.objc; path = JSDSearchViewModel.m; sourceTree = "<group>"; };
		5593332122DDA933001D37D6 /* JSDSearchViewCell.h */ = {isa = PBXFileReference; lastKnownFileType = sourcecode.c.h; path = JSDSearchViewCell.h; sourceTree = "<group>"; };
		5593332222DDA933001D37D6 /* JSDSearchViewCell.m */ = {isa = PBXFileReference; lastKnownFileType = sourcecode.c.objc; path = JSDSearchViewCell.m; sourceTree = "<group>"; };
		5593332322DDA933001D37D6 /* JSDSearchViewCell.xib */ = {isa = PBXFileReference; lastKnownFileType = file.xib; path = JSDSearchViewCell.xib; sourceTree = "<group>"; };
		5593332622DDC647001D37D6 /* search.png */ = {isa = PBXFileReference; lastKnownFileType = image.png; path = search.png; sourceTree = "<group>"; };
		5593332822DDC8A2001D37D6 /* add.png */ = {isa = PBXFileReference; lastKnownFileType = image.png; path = add.png; sourceTree = "<group>"; };
		5593332A22DDCB6A001D37D6 /* collection_default.png */ = {isa = PBXFileReference; lastKnownFileType = image.png; path = collection_default.png; sourceTree = "<group>"; };
		5593332B22DDCB6A001D37D6 /* collection_selected.png */ = {isa = PBXFileReference; lastKnownFileType = image.png; path = collection_selected.png; sourceTree = "<group>"; };
		5593332E22DEBCF5001D37D6 /* JSDAddNoteVC.h */ = {isa = PBXFileReference; lastKnownFileType = sourcecode.c.h; path = JSDAddNoteVC.h; sourceTree = "<group>"; };
		5593332F22DEBCF5001D37D6 /* JSDAddNoteVC.m */ = {isa = PBXFileReference; lastKnownFileType = sourcecode.c.objc; path = JSDAddNoteVC.m; sourceTree = "<group>"; };
		5593333322DECBA3001D37D6 /* UIImage+Tool.h */ = {isa = PBXFileReference; lastKnownFileType = sourcecode.c.h; path = "UIImage+Tool.h"; sourceTree = "<group>"; };
		5593333422DECBA3001D37D6 /* UIImage+Tool.m */ = {isa = PBXFileReference; lastKnownFileType = sourcecode.c.objc; path = "UIImage+Tool.m"; sourceTree = "<group>"; };
		5593333622DECFF6001D37D6 /* game2.png */ = {isa = PBXFileReference; lastKnownFileType = image.png; path = game2.png; sourceTree = "<group>"; };
		5593333722DECFF6001D37D6 /* password.png */ = {isa = PBXFileReference; lastKnownFileType = image.png; path = password.png; sourceTree = "<group>"; };
		5593333822DECFF6001D37D6 /* password2.png */ = {isa = PBXFileReference; lastKnownFileType = image.png; path = password2.png; sourceTree = "<group>"; };
		5593333922DECFF7001D37D6 /* contact.png */ = {isa = PBXFileReference; lastKnownFileType = image.png; path = contact.png; sourceTree = "<group>"; };
		5593333A22DECFF7001D37D6 /* mac_note.png */ = {isa = PBXFileReference; lastKnownFileType = image.png; path = mac_note.png; sourceTree = "<group>"; };
		5593333B22DECFF7001D37D6 /* password3.png */ = {isa = PBXFileReference; lastKnownFileType = image.png; path = password3.png; sourceTree = "<group>"; };
		5593333C22DECFF7001D37D6 /* note.png */ = {isa = PBXFileReference; lastKnownFileType = image.png; path = note.png; sourceTree = "<group>"; };
		5593333D22DECFF7001D37D6 /* game.png */ = {isa = PBXFileReference; lastKnownFileType = image.png; path = game.png; sourceTree = "<group>"; };
		5593333E22DECFF7001D37D6 /* github2.png */ = {isa = PBXFileReference; lastKnownFileType = image.png; path = github2.png; sourceTree = "<group>"; };
		5593333F22DECFF7001D37D6 /* github.png */ = {isa = PBXFileReference; lastKnownFileType = image.png; path = github.png; sourceTree = "<group>"; };
		5593334022DECFF7001D37D6 /* macNote.png */ = {isa = PBXFileReference; lastKnownFileType = image.png; path = macNote.png; sourceTree = "<group>"; };
		5593334122DECFF7001D37D6 /* icard.png */ = {isa = PBXFileReference; lastKnownFileType = image.png; path = icard.png; sourceTree = "<group>"; };
		5593334222DECFF8001D37D6 /* password4.png */ = {isa = PBXFileReference; lastKnownFileType = image.png; path = password4.png; sourceTree = "<group>"; };
		5593334322DECFF8001D37D6 /* web.png */ = {isa = PBXFileReference; lastKnownFileType = image.png; path = web.png; sourceTree = "<group>"; };
		5593334422DECFF8001D37D6 /* impression.png */ = {isa = PBXFileReference; lastKnownFileType = image.png; path = impression.png; sourceTree = "<group>"; };
		5593334522DECFF8001D37D6 /* mac_note2.png */ = {isa = PBXFileReference; lastKnownFileType = image.png; path = mac_note2.png; sourceTree = "<group>"; };
		5593335922DEDC21001D37D6 /* JSDPlusButton.h */ = {isa = PBXFileReference; lastKnownFileType = sourcecode.c.h; path = JSDPlusButton.h; sourceTree = "<group>"; };
		5593335A22DEDC21001D37D6 /* JSDPlusButton.m */ = {isa = PBXFileReference; lastKnownFileType = sourcecode.c.objc; path = JSDPlusButton.m; sourceTree = "<group>"; };
		559333B722DF2005001D37D6 /* JSDFlagColorModel.h */ = {isa = PBXFileReference; lastKnownFileType = sourcecode.c.h; name = JSDFlagColorModel.h; path = AccountCheat/Base/TabBarVC/JSDFlagColorModel.h; sourceTree = SOURCE_ROOT; };
		559333B822DF2005001D37D6 /* JSDFlagColorModel.m */ = {isa = PBXFileReference; lastKnownFileType = sourcecode.c.objc; name = JSDFlagColorModel.m; path = AccountCheat/Base/TabBarVC/JSDFlagColorModel.m; sourceTree = SOURCE_ROOT; };
		59A5F0C2D479B410CED70D5E /* libPods-AccountCheat.a */ = {isa = PBXFileReference; explicitFileType = archive.ar; includeInIndex = 0; path = "libPods-AccountCheat.a"; sourceTree = BUILT_PRODUCTS_DIR; };
		6081895722D9DC68007CF7E9 /* JSDItemListViewController.h */ = {isa = PBXFileReference; lastKnownFileType = sourcecode.c.h; path = JSDItemListViewController.h; sourceTree = "<group>"; };
		6081895822D9DC68007CF7E9 /* JSDItemListViewController.m */ = {isa = PBXFileReference; lastKnownFileType = sourcecode.c.objc; path = JSDItemListViewController.m; sourceTree = "<group>"; };
		6081895C22D9EBBC007CF7E9 /* JSDEditNoteVC.h */ = {isa = PBXFileReference; lastKnownFileType = sourcecode.c.h; path = JSDEditNoteVC.h; sourceTree = "<group>"; };
		6081895D22D9EBBC007CF7E9 /* JSDEditNoteVC.m */ = {isa = PBXFileReference; lastKnownFileType = sourcecode.c.objc; path = JSDEditNoteVC.m; sourceTree = "<group>"; };
		6081896122DAE56C007CF7E9 /* JSDEditNoteView.h */ = {isa = PBXFileReference; lastKnownFileType = sourcecode.c.h; path = JSDEditNoteView.h; sourceTree = "<group>"; };
		6081896222DAE56C007CF7E9 /* JSDEditNoteView.m */ = {isa = PBXFileReference; lastKnownFileType = sourcecode.c.objc; path = JSDEditNoteView.m; sourceTree = "<group>"; };
		6081896622DAE59E007CF7E9 /* JSDEditNoteView.xib */ = {isa = PBXFileReference; lastKnownFileType = file.xib; path = JSDEditNoteView.xib; sourceTree = "<group>"; };
		6081896F22DCC273007CF7E9 /* JSDItemListVC.h */ = {isa = PBXFileReference; lastKnownFileType = sourcecode.c.h; path = JSDItemListVC.h; sourceTree = "<group>"; };
		6081897022DCC273007CF7E9 /* JSDItemListVC.m */ = {isa = PBXFileReference; lastKnownFileType = sourcecode.c.objc; path = JSDItemListVC.m; sourceTree = "<group>"; };
		6081897222DCC50E007CF7E9 /* JSDItemTableCell.h */ = {isa = PBXFileReference; lastKnownFileType = sourcecode.c.h; path = JSDItemTableCell.h; sourceTree = "<group>"; };
		6081897322DCC50E007CF7E9 /* JSDItemTableCell.m */ = {isa = PBXFileReference; lastKnownFileType = sourcecode.c.objc; path = JSDItemTableCell.m; sourceTree = "<group>"; };
		6081897422DCC50E007CF7E9 /* JSDItemTableCell.xib */ = {isa = PBXFileReference; lastKnownFileType = file.xib; path = JSDItemTableCell.xib; sourceTree = "<group>"; };
		6081897722DF5BC7007CF7E9 /* JSDAddNoteToTypeVC.h */ = {isa = PBXFileReference; lastKnownFileType = sourcecode.c.h; path = JSDAddNoteToTypeVC.h; sourceTree = "<group>"; };
		6081897822DF5BC7007CF7E9 /* JSDAddNoteToTypeVC.m */ = {isa = PBXFileReference; lastKnownFileType = sourcecode.c.objc; path = JSDAddNoteToTypeVC.m; sourceTree = "<group>"; };
		6081897A22DF5BEE007CF7E9 /* JSDAddNoteToTypeView.h */ = {isa = PBXFileReference; lastKnownFileType = sourcecode.c.h; path = JSDAddNoteToTypeView.h; sourceTree = "<group>"; };
		6081897B22DF5BEE007CF7E9 /* JSDAddNoteToTypeView.m */ = {isa = PBXFileReference; lastKnownFileType = sourcecode.c.objc; path = JSDAddNoteToTypeView.m; sourceTree = "<group>"; };
		6081897D22DF5BF7007CF7E9 /* JSDAddNoteToTypeView.xib */ = {isa = PBXFileReference; lastKnownFileType = file.xib; path = JSDAddNoteToTypeView.xib; sourceTree = "<group>"; };
		60F709BB22D7770000D05534 /* UIColor+JSDStyle.h */ = {isa = PBXFileReference; fileEncoding = 4; lastKnownFileType = sourcecode.c.h; path = "UIColor+JSDStyle.h"; sourceTree = "<group>"; };
		60F709BC22D7770000D05534 /* UIColor+JSDStyle.m */ = {isa = PBXFileReference; fileEncoding = 4; lastKnownFileType = sourcecode.c.objc; path = "UIColor+JSDStyle.m"; sourceTree = "<group>"; };
		60F709BE22D7770000D05534 /* UIView+JSDFrame.m */ = {isa = PBXFileReference; fileEncoding = 4; lastKnownFileType = sourcecode.c.objc; path = "UIView+JSDFrame.m"; sourceTree = "<group>"; };
		60F709BF22D7770000D05534 /* UIView+JSDFrame.h */ = {isa = PBXFileReference; fileEncoding = 4; lastKnownFileType = sourcecode.c.h; path = "UIView+JSDFrame.h"; sourceTree = "<group>"; };
		60F709CB22D7770100D05534 /* JSDTabBarController.m */ = {isa = PBXFileReference; fileEncoding = 4; lastKnownFileType = sourcecode.c.objc; path = JSDTabBarController.m; sourceTree = "<group>"; };
		60F709CC22D7770100D05534 /* JSDTabBarController.h */ = {isa = PBXFileReference; fileEncoding = 4; lastKnownFileType = sourcecode.c.h; path = JSDTabBarController.h; sourceTree = "<group>"; };
		60F709CE22D7770100D05534 /* JSDBaseViewController.m */ = {isa = PBXFileReference; fileEncoding = 4; lastKnownFileType = sourcecode.c.objc; path = JSDBaseViewController.m; sourceTree = "<group>"; };
		60F709CF22D7770100D05534 /* JSDBaseNavigationController.h */ = {isa = PBXFileReference; fileEncoding = 4; lastKnownFileType = sourcecode.c.h; path = JSDBaseNavigationController.h; sourceTree = "<group>"; };
		60F709D022D7770100D05534 /* JSDBaseViewController.h */ = {isa = PBXFileReference; fileEncoding = 4; lastKnownFileType = sourcecode.c.h; path = JSDBaseViewController.h; sourceTree = "<group>"; };
		60F709D122D7770100D05534 /* JSDBaseNavigationController.m */ = {isa = PBXFileReference; fileEncoding = 4; lastKnownFileType = sourcecode.c.objc; path = JSDBaseNavigationController.m; sourceTree = "<group>"; };
		60F709D822D77DA500D05534 /* JSDHomeViewController.h */ = {isa = PBXFileReference; lastKnownFileType = sourcecode.c.h; path = JSDHomeViewController.h; sourceTree = "<group>"; };
		60F709D922D77DA500D05534 /* JSDHomeViewController.m */ = {isa = PBXFileReference; lastKnownFileType = sourcecode.c.objc; path = JSDHomeViewController.m; sourceTree = "<group>"; };
		60F709DB22D77E3200D05534 /* JSDMacro.h */ = {isa = PBXFileReference; fileEncoding = 4; lastKnownFileType = sourcecode.c.h; path = JSDMacro.h; sourceTree = "<group>"; };
		60F709DC22D77E3200D05534 /* JSDPrefixHeader.pch */ = {isa = PBXFileReference; fileEncoding = 4; lastKnownFileType = sourcecode.c.h; path = JSDPrefixHeader.pch; sourceTree = "<group>"; };
		60F709DD22D77E3200D05534 /* JSDPublic.h */ = {isa = PBXFileReference; fileEncoding = 4; lastKnownFileType = sourcecode.c.h; path = JSDPublic.h; sourceTree = "<group>"; };
		CA36B848871123248EBEB14C /* Pods-AccountCheat.release.xcconfig */ = {isa = PBXFileReference; includeInIndex = 1; lastKnownFileType = text.xcconfig; name = "Pods-AccountCheat.release.xcconfig"; path = "Target Support Files/Pods-AccountCheat/Pods-AccountCheat.release.xcconfig"; sourceTree = "<group>"; };
/* End PBXFileReference section */

/* Begin PBXFrameworksBuildPhase section */
		553DD0D222D73C79005D739D /* Frameworks */ = {
			isa = PBXFrameworksBuildPhase;
			buildActionMask = 2147483647;
			files = (
				3A8E719430A8C97103483090 /* libPods-AccountCheat.a in Frameworks */,
			);
			runOnlyForDeploymentPostprocessing = 0;
		};
/* End PBXFrameworksBuildPhase section */

/* Begin PBXGroup section */
		553DD0CC22D73C78005D739D = {
			isa = PBXGroup;
			children = (
				553DD0D722D73C79005D739D /* AccountCheat */,
				553DD0D622D73C79005D739D /* Products */,
				939564EBF7F5DA4AAA2FD03E /* Pods */,
				81592758B602A85A4EEE6EB5 /* Frameworks */,
			);
			sourceTree = "<group>";
		};
		553DD0D622D73C79005D739D /* Products */ = {
			isa = PBXGroup;
			children = (
				553DD0D522D73C79005D739D /* AccountCheat.app */,
			);
			name = Products;
			sourceTree = "<group>";
		};
		553DD0D722D73C79005D739D /* AccountCheat */ = {
			isa = PBXGroup;
			children = (
				60F709DE22D77ED400D05534 /* Application */,
				60F709C922D7770100D05534 /* Base */,
				60F709B922D7770000D05534 /* CategoryTool */,
				60F709C022D7770000D05534 /* Modules */,
				60F709D222D7770100D05534 /* Supporting Files */,
			);
			path = AccountCheat;
			sourceTree = "<group>";
		};
		5577759922E02C5B00EBC77E /* Password */ = {
			isa = PBXGroup;
			children = (
				5577759C22E02C8E00EBC77E /* Model */,
				5577759B22E02C8700EBC77E /* View */,
				5577759A22E02C7B00EBC77E /* ViewController */,
			);
			path = Password;
			sourceTree = "<group>";
		};
		5577759A22E02C7B00EBC77E /* ViewController */ = {
			isa = PBXGroup;
			children = (
				552B5E8F22E05EA7006EACBC /* JSDModifiPasswordVC.h */,
				552B5E9022E05EA7006EACBC /* JSDModifiPasswordVC.m */,
				552B5E9222E05EBF006EACBC /* JSDPasswordSecurityVC.h */,
				552B5E9322E05EBF006EACBC /* JSDPasswordSecurityVC.m */,
			);
			path = ViewController;
			sourceTree = "<group>";
		};
		5577759B22E02C8700EBC77E /* View */ = {
			isa = PBXGroup;
			children = (
			);
			path = View;
			sourceTree = "<group>";
		};
		5577759C22E02C8E00EBC77E /* Model */ = {
			isa = PBXGroup;
			children = (
			);
			path = Model;
			sourceTree = "<group>";
		};
		5577759D22E02C9E00EBC77E /* About */ = {
			isa = PBXGroup;
			children = (
				557775A722E02D8100EBC77E /* Model */,
				557775A622E02D8100EBC77E /* View */,
				557775A822E02D8100EBC77E /* ViewController */,
			);
			path = About;
			sourceTree = "<group>";
		};
		5577759E22E02D7600EBC77E /* Feedback */ = {
			isa = PBXGroup;
			children = (
				5577759F22E02D7600EBC77E /* Model */,
				557775A022E02D7600EBC77E /* View */,
				557775A122E02D7600EBC77E /* ViewController */,
			);
			path = Feedback;
			sourceTree = "<group>";
		};
		5577759F22E02D7600EBC77E /* Model */ = {
			isa = PBXGroup;
			children = (
			);
			path = Model;
			sourceTree = "<group>";
		};
		557775A022E02D7600EBC77E /* View */ = {
			isa = PBXGroup;
			children = (
			);
			path = View;
			sourceTree = "<group>";
		};
		557775A122E02D7600EBC77E /* ViewController */ = {
			isa = PBXGroup;
			children = (
				552B5E8C22E05E57006EACBC /* JSDFeedbackVC.h */,
				552B5E8D22E05E57006EACBC /* JSDFeedbackVC.m */,
			);
			path = ViewController;
			sourceTree = "<group>";
		};
		557775A222E02D7600EBC77E /* Security */ = {
			isa = PBXGroup;
			children = (
				557775A322E02D7600EBC77E /* Model */,
				557775A422E02D7600EBC77E /* View */,
				557775A522E02D7600EBC77E /* ViewController */,
			);
			path = Security;
			sourceTree = "<group>";
		};
		557775A322E02D7600EBC77E /* Model */ = {
			isa = PBXGroup;
			children = (
			);
			path = Model;
			sourceTree = "<group>";
		};
		557775A422E02D7600EBC77E /* View */ = {
			isa = PBXGroup;
			children = (
			);
			path = View;
			sourceTree = "<group>";
		};
		557775A522E02D7600EBC77E /* ViewController */ = {
			isa = PBXGroup;
			children = (
				552B5E8922E05E30006EACBC /* JSDSecurityVC.h */,
				552B5E8A22E05E30006EACBC /* JSDSecurityVC.m */,
			);
			path = ViewController;
			sourceTree = "<group>";
		};
		557775A622E02D8100EBC77E /* View */ = {
			isa = PBXGroup;
			children = (
			);
			path = View;
			sourceTree = "<group>";
		};
		557775A722E02D8100EBC77E /* Model */ = {
			isa = PBXGroup;
			children = (
			);
			path = Model;
			sourceTree = "<group>";
		};
		557775A822E02D8100EBC77E /* ViewController */ = {
			isa = PBXGroup;
			children = (
				557775AA22E02E6F00EBC77E /* JSDAboutWeVC.h */,
				557775AB22E02E6F00EBC77E /* JSDAboutWeVC.m */,
			);
			path = ViewController;
			sourceTree = "<group>";
		};
		557775A922E02DD400EBC77E /* Home */ = {
			isa = PBXGroup;
			children = (
				60F709C622D7770000D05534 /* Model */,
				60F709C722D7770000D05534 /* View */,
				60F709C822D7770000D05534 /* ViewController */,
			);
			path = Home;
			sourceTree = "<group>";
		};
		55868B6122E009410038903C /* AddItemList */ = {
			isa = PBXGroup;
			children = (
				559332F722DC4ADC001D37D6 /* Type */,
				6081895A22D9EB87007CF7E9 /* EditItem */,
			);
			path = AddItemList;
			sourceTree = "<group>";
		};
		559332F722DC4ADC001D37D6 /* Type */ = {
			isa = PBXGroup;
			children = (
				559332FA22DC4AF4001D37D6 /* ViewController */,
				559332F922DC4AED001D37D6 /* View */,
				559332F822DC4AE6001D37D6 /* Model */,
			);
			path = Type;
			sourceTree = "<group>";
		};
		559332F822DC4AE6001D37D6 /* Model */ = {
			isa = PBXGroup;
			children = (
			);
			path = Model;
			sourceTree = "<group>";
		};
		559332F922DC4AED001D37D6 /* View */ = {
			isa = PBXGroup;
			children = (
			);
			path = View;
			sourceTree = "<group>";
		};
		559332FA22DC4AF4001D37D6 /* ViewController */ = {
			isa = PBXGroup;
			children = (
				559332FB22DC4B14001D37D6 /* JSDAddTypeVC.h */,
				559332FC22DC4B14001D37D6 /* JSDAddTypeVC.m */,
				559332FD22DC4B14001D37D6 /* JSDAddTypeVC.xib */,
			);
			path = ViewController;
			sourceTree = "<group>";
		};
		5593330022DC7189001D37D6 /* View */ = {
			isa = PBXGroup;
			children = (
				5593330222DC71C6001D37D6 /* JSDItemListCell.h */,
				5593330322DC71C6001D37D6 /* JSDItemListCell.m */,
				5593330422DC71C6001D37D6 /* JSDItemListCell.xib */,
				6081897222DCC50E007CF7E9 /* JSDItemTableCell.h */,
				6081897322DCC50E007CF7E9 /* JSDItemTableCell.m */,
				6081897422DCC50E007CF7E9 /* JSDItemTableCell.xib */,
			);
			path = View;
			sourceTree = "<group>";
		};
		5593330122DC7193001D37D6 /* Model */ = {
			isa = PBXGroup;
			children = (
				5593330722DC71DE001D37D6 /* JSDItemListViewModel.h */,
				5593330822DC71DE001D37D6 /* JSDItemListViewModel.m */,
			);
			path = Model;
			sourceTree = "<group>";
		};
		5593331122DD6F13001D37D6 /* View */ = {
			isa = PBXGroup;
			children = (
				5593331222DD6F51001D37D6 /* JSDItemShowViewCell.h */,
				5593331322DD6F51001D37D6 /* JSDItemShowViewCell.m */,
				5593331422DD6F51001D37D6 /* JSDItemShowViewCell.xib */,
			);
			path = View;
			sourceTree = "<group>";
		};
		5593331722DD75EE001D37D6 /* Search */ = {
			isa = PBXGroup;
			children = (
				5593331A22DD760B001D37D6 /* Model */,
				5593331922DD7601001D37D6 /* View */,
				5593331822DD75FA001D37D6 /* ViewController */,
			);
			path = Search;
			sourceTree = "<group>";
		};
		5593331822DD75FA001D37D6 /* ViewController */ = {
			isa = PBXGroup;
			children = (
				5593331B22DD7645001D37D6 /* JSDSearchViewController.h */,
				5593331C22DD7645001D37D6 /* JSDSearchViewController.m */,
			);
			path = ViewController;
			sourceTree = "<group>";
		};
		5593331922DD7601001D37D6 /* View */ = {
			isa = PBXGroup;
			children = (
				5593332122DDA933001D37D6 /* JSDSearchViewCell.h */,
				5593332222DDA933001D37D6 /* JSDSearchViewCell.m */,
				5593332322DDA933001D37D6 /* JSDSearchViewCell.xib */,
			);
			path = View;
			sourceTree = "<group>";
		};
		5593331A22DD760B001D37D6 /* Model */ = {
			isa = PBXGroup;
			children = (
				5593331E22DD7DD8001D37D6 /* JSDSearchViewModel.h */,
				5593331F22DD7DD8001D37D6 /* JSDSearchViewModel.m */,
			);
			path = Model;
			sourceTree = "<group>";
		};
		5593333122DECB75001D37D6 /* ImageAssets */ = {
			isa = PBXGroup;
			children = (
				5593333922DECFF7001D37D6 /* contact.png */,
				5593333D22DECFF7001D37D6 /* game.png */,
				5593333622DECFF6001D37D6 /* game2.png */,
				5593333F22DECFF7001D37D6 /* github.png */,
				5593333E22DECFF7001D37D6 /* github2.png */,
				5593334122DECFF7001D37D6 /* icard.png */,
				5593334422DECFF8001D37D6 /* impression.png */,
				55868B5F22E0079E0038903C /* web_.png */,
				5593333A22DECFF7001D37D6 /* mac_note.png */,
				5593334522DECFF8001D37D6 /* mac_note2.png */,
				5593334022DECFF7001D37D6 /* macNote.png */,
				5593333C22DECFF7001D37D6 /* note.png */,
				5593333722DECFF6001D37D6 /* password.png */,
				5593333822DECFF6001D37D6 /* password2.png */,
				5593333B22DECFF7001D37D6 /* password3.png */,
				5593334222DECFF8001D37D6 /* password4.png */,
				5593334322DECFF8001D37D6 /* web.png */,
				5593332A22DDCB6A001D37D6 /* collection_default.png */,
				5593332B22DDCB6A001D37D6 /* collection_selected.png */,
				5593332822DDC8A2001D37D6 /* add.png */,
				5593332622DDC647001D37D6 /* search.png */,
			);
			path = ImageAssets;
			sourceTree = "<group>";
		};
		5593333222DECB8F001D37D6 /* UIImage */ = {
			isa = PBXGroup;
			children = (
				5593333322DECBA3001D37D6 /* UIImage+Tool.h */,
				5593333422DECBA3001D37D6 /* UIImage+Tool.m */,
			);
			path = UIImage;
			sourceTree = "<group>";
		};
		6081895522D9DC1C007CF7E9 /* ItemList */ = {
			isa = PBXGroup;
			children = (
				5593330122DC7193001D37D6 /* Model */,
				5593330022DC7189001D37D6 /* View */,
				6081895622D9DC2D007CF7E9 /* ViewController */,
			);
			path = ItemList;
			sourceTree = "<group>";
		};
		6081895622D9DC2D007CF7E9 /* ViewController */ = {
			isa = PBXGroup;
			children = (
				6081895722D9DC68007CF7E9 /* JSDItemListViewController.h */,
				6081895822D9DC68007CF7E9 /* JSDItemListViewController.m */,
				6081896F22DCC273007CF7E9 /* JSDItemListVC.h */,
				6081897022DCC273007CF7E9 /* JSDItemListVC.m */,
			);
			path = ViewController;
			sourceTree = "<group>";
		};
		6081895A22D9EB87007CF7E9 /* EditItem */ = {
			isa = PBXGroup;
			children = (
				6081896022DAE558007CF7E9 /* Model */,
				6081895F22DAE550007CF7E9 /* View */,
				6081895B22D9EB91007CF7E9 /* ViewComtroller */,
			);
			path = EditItem;
			sourceTree = "<group>";
		};
		6081895B22D9EB91007CF7E9 /* ViewComtroller */ = {
			isa = PBXGroup;
			children = (
				6081895C22D9EBBC007CF7E9 /* JSDEditNoteVC.h */,
				6081895D22D9EBBC007CF7E9 /* JSDEditNoteVC.m */,
				5593332E22DEBCF5001D37D6 /* JSDAddNoteVC.h */,
				5593332F22DEBCF5001D37D6 /* JSDAddNoteVC.m */,
				6081897722DF5BC7007CF7E9 /* JSDAddNoteToTypeVC.h */,
				6081897822DF5BC7007CF7E9 /* JSDAddNoteToTypeVC.m */,
			);
			path = ViewComtroller;
			sourceTree = "<group>";
		};
		6081895F22DAE550007CF7E9 /* View */ = {
			isa = PBXGroup;
			children = (
				6081896122DAE56C007CF7E9 /* JSDEditNoteView.h */,
				6081896222DAE56C007CF7E9 /* JSDEditNoteView.m */,
				6081896622DAE59E007CF7E9 /* JSDEditNoteView.xib */,
				6081897A22DF5BEE007CF7E9 /* JSDAddNoteToTypeView.h */,
				6081897B22DF5BEE007CF7E9 /* JSDAddNoteToTypeView.m */,
				6081897D22DF5BF7007CF7E9 /* JSDAddNoteToTypeView.xib */,
			);
			path = View;
			sourceTree = "<group>";
		};
		6081896022DAE558007CF7E9 /* Model */ = {
			isa = PBXGroup;
			children = (
				559333B722DF2005001D37D6 /* JSDFlagColorModel.h */,
				559333B822DF2005001D37D6 /* JSDFlagColorModel.m */,
			);
			path = Model;
			sourceTree = "<group>";
		};
		6081896A22DCB792007CF7E9 /* Show */ = {
			isa = PBXGroup;
			children = (
				5593331122DD6F13001D37D6 /* View */,
				6081896B22DCB79F007CF7E9 /* ViewController */,
			);
			path = Show;
			sourceTree = "<group>";
		};
		6081896B22DCB79F007CF7E9 /* ViewController */ = {
			isa = PBXGroup;
			children = (
				5593330E22DD6EFD001D37D6 /* JSDItemShowVC.h */,
				5593330F22DD6EFD001D37D6 /* JSDItemShowVC.m */,
			);
			path = ViewController;
			sourceTree = "<group>";
		};
		60F709B922D7770000D05534 /* CategoryTool */ = {
			isa = PBXGroup;
			children = (
				5593333222DECB8F001D37D6 /* UIImage */,
				60F709BA22D7770000D05534 /* UIStyle */,
				60F709BD22D7770000D05534 /* UIView */,
			);
			path = CategoryTool;
			sourceTree = "<group>";
		};
		60F709BA22D7770000D05534 /* UIStyle */ = {
			isa = PBXGroup;
			children = (
				60F709BB22D7770000D05534 /* UIColor+JSDStyle.h */,
				60F709BC22D7770000D05534 /* UIColor+JSDStyle.m */,
			);
			path = UIStyle;
			sourceTree = "<group>";
		};
		60F709BD22D7770000D05534 /* UIView */ = {
			isa = PBXGroup;
			children = (
				60F709BF22D7770000D05534 /* UIView+JSDFrame.h */,
				60F709BE22D7770000D05534 /* UIView+JSDFrame.m */,
			);
			path = UIView;
			sourceTree = "<group>";
		};
		60F709C022D7770000D05534 /* Modules */ = {
			isa = PBXGroup;
			children = (
				55868B6122E009410038903C /* AddItemList */,
				5593331722DD75EE001D37D6 /* Search */,
				6081895522D9DC1C007CF7E9 /* ItemList */,
				6081896A22DCB792007CF7E9 /* Show */,
				60F709C122D7770000D05534 /* Home */,
				60F709C522D7770000D05534 /* My */,
			);
			path = Modules;
			sourceTree = "<group>";
		};
		60F709C122D7770000D05534 /* Home */ = {
			isa = PBXGroup;
			children = (
				60F709C222D7770000D05534 /* Model */,
				60F709C322D7770000D05534 /* View */,
				60F709C422D7770000D05534 /* ViewController */,
			);
			path = Home;
			sourceTree = "<group>";
		};
		60F709C222D7770000D05534 /* Model */ = {
			isa = PBXGroup;
			children = (
				559332F222DC359F001D37D6 /* JSDHomeModel.h */,
				559332F322DC359F001D37D6 /* JSDHomeModel.m */,
				559332F522DC37F9001D37D6 /* typeData.json */,
			);
			path = Model;
			sourceTree = "<group>";
		};
		60F709C322D7770000D05534 /* View */ = {
			isa = PBXGroup;
			children = (
				559332ED22DC321A001D37D6 /* JSDHomeCollectionViewCell.h */,
				559332EE22DC321A001D37D6 /* JSDHomeCollectionViewCell.m */,
				559332EF22DC321A001D37D6 /* JSDHomeCollectionViewCell.xib */,
			);
			path = View;
			sourceTree = "<group>";
		};
		60F709C422D7770000D05534 /* ViewController */ = {
			isa = PBXGroup;
			children = (
				60F709D822D77DA500D05534 /* JSDHomeViewController.h */,
				60F709D922D77DA500D05534 /* JSDHomeViewController.m */,
			);
			path = ViewController;
			sourceTree = "<group>";
		};
		60F709C522D7770000D05534 /* My */ = {
			isa = PBXGroup;
			children = (
				557775A922E02DD400EBC77E /* Home */,
				5577759E22E02D7600EBC77E /* Feedback */,
				557775A222E02D7600EBC77E /* Security */,
				5577759D22E02C9E00EBC77E /* About */,
				5577759922E02C5B00EBC77E /* Password */,
			);
			path = My;
			sourceTree = "<group>";
		};
		60F709C622D7770000D05534 /* Model */ = {
			isa = PBXGroup;
			children = (
				5577759622E01F8A00EBC77E /* JSDMyCenterViewModel.h */,
				5577759722E01F8A00EBC77E /* JSDMyCenterViewModel.m */,
			);
			path = Model;
			sourceTree = "<group>";
		};
		60F709C722D7770000D05534 /* View */ = {
			isa = PBXGroup;
			children = (
				5577759122E01F6F00EBC77E /* JSDMyCenterTextCell.h */,
				5577759222E01F6F00EBC77E /* JSDMyCenterTextCell.m */,
				5577759322E01F6F00EBC77E /* JSDMyCenterTextCell.xib */,
			);
			path = View;
			sourceTree = "<group>";
		};
		60F709C822D7770000D05534 /* ViewController */ = {
			isa = PBXGroup;
			children = (
				55868B6222E00F4B0038903C /* JSDMyCenterContentVC.h */,
				55868B6322E00F4B0038903C /* JSDMyCenterContentVC.m */,
				55868B6522E010690038903C /* JSDMyCenterVC.h */,
				55868B6622E010690038903C /* JSDMyCenterVC.m */,
			);
			path = ViewController;
			sourceTree = "<group>";
		};
		60F709C922D7770100D05534 /* Base */ = {
			isa = PBXGroup;
			children = (
				60F709CA22D7770100D05534 /* TabBarVC */,
				60F709CD22D7770100D05534 /* ViewController */,
			);
			path = Base;
			sourceTree = "<group>";
		};
		60F709CA22D7770100D05534 /* TabBarVC */ = {
			isa = PBXGroup;
			children = (
				60F709CC22D7770100D05534 /* JSDTabBarController.h */,
				60F709CB22D7770100D05534 /* JSDTabBarController.m */,
				5593335922DEDC21001D37D6 /* JSDPlusButton.h */,
				5593335A22DEDC21001D37D6 /* JSDPlusButton.m */,
			);
			path = TabBarVC;
			sourceTree = "<group>";
		};
		60F709CD22D7770100D05534 /* ViewController */ = {
			isa = PBXGroup;
			children = (
				60F709CF22D7770100D05534 /* JSDBaseNavigationController.h */,
				60F709D122D7770100D05534 /* JSDBaseNavigationController.m */,
				60F709D022D7770100D05534 /* JSDBaseViewController.h */,
				60F709CE22D7770100D05534 /* JSDBaseViewController.m */,
				557775AD22E046E200EBC77E /* JSDBaseBackViewController.h */,
				557775AE22E046E200EBC77E /* JSDBaseBackViewController.m */,
				557775B022E04E2600EBC77E /* JSDBaseCollectionController.h */,
				557775B122E04E2600EBC77E /* JSDBaseCollectionController.m */,
			);
			path = ViewController;
			sourceTree = "<group>";
		};
		60F709D222D7770100D05534 /* Supporting Files */ = {
			isa = PBXGroup;
			children = (
				5593333122DECB75001D37D6 /* ImageAssets */,
				60F709DB22D77E3200D05534 /* JSDMacro.h */,
				60F709DC22D77E3200D05534 /* JSDPrefixHeader.pch */,
				60F709DD22D77E3200D05534 /* JSDPublic.h */,
				553DD0E922D73C7C005D739D /* Info.plist */,
				553DD0EA22D73C7C005D739D /* main.m */,
				553DD0E422D73C7C005D739D /* Assets.xcassets */,
				553DD0E622D73C7C005D739D /* LaunchScreen.storyboard */,
			);
			path = "Supporting Files";
			sourceTree = "<group>";
		};
		60F709DE22D77ED400D05534 /* Application */ = {
			isa = PBXGroup;
			children = (
				553DD0D822D73C79005D739D /* AppDelegate.h */,
				553DD0D922D73C79005D739D /* AppDelegate.m */,
			);
			path = Application;
			sourceTree = "<group>";
		};
		81592758B602A85A4EEE6EB5 /* Frameworks */ = {
			isa = PBXGroup;
			children = (
				59A5F0C2D479B410CED70D5E /* libPods-AccountCheat.a */,
			);
			name = Frameworks;
			sourceTree = "<group>";
		};
		939564EBF7F5DA4AAA2FD03E /* Pods */ = {
			isa = PBXGroup;
			children = (
				1B43226E312D774371B81F5D /* Pods-AccountCheat.debug.xcconfig */,
				CA36B848871123248EBEB14C /* Pods-AccountCheat.release.xcconfig */,
			);
			path = Pods;
			sourceTree = "<group>";
		};
/* End PBXGroup section */

/* Begin PBXNativeTarget section */
		553DD0D422D73C79005D739D /* AccountCheat */ = {
			isa = PBXNativeTarget;
			buildConfigurationList = 553DD0EE22D73C7C005D739D /* Build configuration list for PBXNativeTarget "AccountCheat" */;
			buildPhases = (
				2A2E34882AA8FC10040C8812 /* [CP] Check Pods Manifest.lock */,
				553DD0D122D73C79005D739D /* Sources */,
				553DD0D222D73C79005D739D /* Frameworks */,
				553DD0D322D73C79005D739D /* Resources */,
				1DF5CB2CC42829D1B1BFF812 /* [CP] Copy Pods Resources */,
			);
			buildRules = (
			);
			dependencies = (
			);
			name = AccountCheat;
			productName = AccountCheat;
			productReference = 553DD0D522D73C79005D739D /* AccountCheat.app */;
			productType = "com.apple.product-type.application";
		};
/* End PBXNativeTarget section */

/* Begin PBXProject section */
		553DD0CD22D73C78005D739D /* Project object */ = {
			isa = PBXProject;
			attributes = {
				LastUpgradeCheck = 1100;
				ORGANIZATIONNAME = Jersey;
				TargetAttributes = {
					553DD0D422D73C79005D739D = {
						CreatedOnToolsVersion = 11.0;
					};
				};
			};
			buildConfigurationList = 553DD0D022D73C78005D739D /* Build configuration list for PBXProject "AccountCheat" */;
			compatibilityVersion = "Xcode 9.3";
			developmentRegion = en;
			hasScannedForEncodings = 0;
			knownRegions = (
				en,
				Base,
			);
			mainGroup = 553DD0CC22D73C78005D739D;
			productRefGroup = 553DD0D622D73C79005D739D /* Products */;
			projectDirPath = "";
			projectRoot = "";
			targets = (
				553DD0D422D73C79005D739D /* AccountCheat */,
			);
		};
/* End PBXProject section */

/* Begin PBXResourcesBuildPhase section */
		553DD0D322D73C79005D739D /* Resources */ = {
			isa = PBXResourcesBuildPhase;
			buildActionMask = 2147483647;
			files = (
				5593335322DECFF8001D37D6 /* web.png in Resources */,
				5593334F22DECFF8001D37D6 /* github.png in Resources */,
				6081897E22DF5BF7007CF7E9 /* JSDAddNoteToTypeView.xib in Resources */,
				559332FF22DC4B14001D37D6 /* JSDAddTypeVC.xib in Resources */,
				6081896722DAE59E007CF7E9 /* JSDEditNoteView.xib in Resources */,
				5593334722DECFF8001D37D6 /* password.png in Resources */,
				5593332D22DDCB6A001D37D6 /* collection_selected.png in Resources */,
				5593332522DDA933001D37D6 /* JSDSearchViewCell.xib in Resources */,
				5593332922DDC8A3001D37D6 /* add.png in Resources */,
				5593335222DECFF8001D37D6 /* password4.png in Resources */,
				5593334922DECFF8001D37D6 /* contact.png in Resources */,
				5593335422DECFF8001D37D6 /* impression.png in Resources */,
				5593330622DC71C6001D37D6 /* JSDItemListCell.xib in Resources */,
				5593335122DECFF8001D37D6 /* icard.png in Resources */,
				5593332C22DDCB6A001D37D6 /* collection_default.png in Resources */,
				5593335022DECFF8001D37D6 /* macNote.png in Resources */,
				5593331622DD6F51001D37D6 /* JSDItemShowViewCell.xib in Resources */,
				5593335522DECFF8001D37D6 /* mac_note2.png in Resources */,
				5593334A22DECFF8001D37D6 /* mac_note.png in Resources */,
				559332F622DC37FA001D37D6 /* typeData.json in Resources */,
				553DD0E822D73C7C005D739D /* LaunchScreen.storyboard in Resources */,
				5593334E22DECFF8001D37D6 /* github2.png in Resources */,
				5577759522E01F6F00EBC77E /* JSDMyCenterTextCell.xib in Resources */,
				5593334822DECFF8001D37D6 /* password2.png in Resources */,
				5593334B22DECFF8001D37D6 /* password3.png in Resources */,
				55868B6022E0079E0038903C /* web_.png in Resources */,
				5593332722DDC648001D37D6 /* search.png in Resources */,
				6081897622DCC50E007CF7E9 /* JSDItemTableCell.xib in Resources */,
				553DD0E522D73C7C005D739D /* Assets.xcassets in Resources */,
				5593334622DECFF8001D37D6 /* game2.png in Resources */,
				559332F122DC321A001D37D6 /* JSDHomeCollectionViewCell.xib in Resources */,
				5593334C22DECFF8001D37D6 /* note.png in Resources */,
				5593334D22DECFF8001D37D6 /* game.png in Resources */,
			);
			runOnlyForDeploymentPostprocessing = 0;
		};
/* End PBXResourcesBuildPhase section */

/* Begin PBXShellScriptBuildPhase section */
		1DF5CB2CC42829D1B1BFF812 /* [CP] Copy Pods Resources */ = {
			isa = PBXShellScriptBuildPhase;
			buildActionMask = 2147483647;
			files = (
			);
			inputFileListPaths = (
			);
			inputPaths = (
				"${PODS_ROOT}/Target Support Files/Pods-AccountCheat/Pods-AccountCheat-resources.sh",
				"${PODS_ROOT}/MaterialComponents/components/ActivityIndicator/src/MaterialActivityIndicator.bundle",
				"${PODS_ROOT}/MaterialComponents/components/AppBar/src/MaterialAppBar.bundle",
				"${PODS_ROOT}/MaterialComponents/components/BottomNavigation/src/MaterialBottomNavigation.bundle",
				"${PODS_ROOT}/MaterialComponents/components/CollectionCells/src/MaterialCollectionCells.bundle",
				"${PODS_ROOT}/MaterialComponents/components/Collections/src/MaterialCollections.bundle",
				"${PODS_ROOT}/MaterialComponents/components/Dialogs/src/MaterialDialogs.bundle",
				"${PODS_ROOT}/MaterialComponents/components/FeatureHighlight/src/MaterialFeatureHighlight.bundle",
				"${PODS_ROOT}/MaterialComponents/components/PageControl/src/MaterialPageControl.bundle",
				"${PODS_ROOT}/MaterialComponents/components/Snackbar/src/MaterialSnackbar.bundle",
				"${PODS_ROOT}/MaterialComponents/components/Tabs/src/MaterialTabs.bundle",
				"${PODS_CONFIGURATION_BUILD_DIR}/MaterialComponents/MaterialIcons_ic_arrow_back.bundle",
				"${PODS_CONFIGURATION_BUILD_DIR}/MaterialComponents/MaterialIcons_ic_check.bundle",
				"${PODS_CONFIGURATION_BUILD_DIR}/MaterialComponents/MaterialIcons_ic_check_circle.bundle",
				"${PODS_CONFIGURATION_BUILD_DIR}/MaterialComponents/MaterialIcons_ic_chevron_right.bundle",
				"${PODS_CONFIGURATION_BUILD_DIR}/MaterialComponents/MaterialIcons_ic_color_lens.bundle",
				"${PODS_CONFIGURATION_BUILD_DIR}/MaterialComponents/MaterialIcons_ic_help_outline.bundle",
				"${PODS_CONFIGURATION_BUILD_DIR}/MaterialComponents/MaterialIcons_ic_info.bundle",
				"${PODS_CONFIGURATION_BUILD_DIR}/MaterialComponents/MaterialIcons_ic_more_horiz.bundle",
				"${PODS_CONFIGURATION_BUILD_DIR}/MaterialComponents/MaterialIcons_ic_radio_button_unchecked.bundle",
				"${PODS_CONFIGURATION_BUILD_DIR}/MaterialComponents/MaterialIcons_ic_reorder.bundle",
				"${PODS_CONFIGURATION_BUILD_DIR}/MaterialComponents/MaterialIcons_ic_settings.bundle",
			);
			name = "[CP] Copy Pods Resources";
			outputFileListPaths = (
			);
			outputPaths = (
				"${TARGET_BUILD_DIR}/${UNLOCALIZED_RESOURCES_FOLDER_PATH}/MaterialActivityIndicator.bundle",
				"${TARGET_BUILD_DIR}/${UNLOCALIZED_RESOURCES_FOLDER_PATH}/MaterialAppBar.bundle",
				"${TARGET_BUILD_DIR}/${UNLOCALIZED_RESOURCES_FOLDER_PATH}/MaterialBottomNavigation.bundle",
				"${TARGET_BUILD_DIR}/${UNLOCALIZED_RESOURCES_FOLDER_PATH}/MaterialCollectionCells.bundle",
				"${TARGET_BUILD_DIR}/${UNLOCALIZED_RESOURCES_FOLDER_PATH}/MaterialCollections.bundle",
				"${TARGET_BUILD_DIR}/${UNLOCALIZED_RESOURCES_FOLDER_PATH}/MaterialDialogs.bundle",
				"${TARGET_BUILD_DIR}/${UNLOCALIZED_RESOURCES_FOLDER_PATH}/MaterialFeatureHighlight.bundle",
				"${TARGET_BUILD_DIR}/${UNLOCALIZED_RESOURCES_FOLDER_PATH}/MaterialPageControl.bundle",
				"${TARGET_BUILD_DIR}/${UNLOCALIZED_RESOURCES_FOLDER_PATH}/MaterialSnackbar.bundle",
				"${TARGET_BUILD_DIR}/${UNLOCALIZED_RESOURCES_FOLDER_PATH}/MaterialTabs.bundle",
				"${TARGET_BUILD_DIR}/${UNLOCALIZED_RESOURCES_FOLDER_PATH}/MaterialIcons_ic_arrow_back.bundle",
				"${TARGET_BUILD_DIR}/${UNLOCALIZED_RESOURCES_FOLDER_PATH}/MaterialIcons_ic_check.bundle",
				"${TARGET_BUILD_DIR}/${UNLOCALIZED_RESOURCES_FOLDER_PATH}/MaterialIcons_ic_check_circle.bundle",
				"${TARGET_BUILD_DIR}/${UNLOCALIZED_RESOURCES_FOLDER_PATH}/MaterialIcons_ic_chevron_right.bundle",
				"${TARGET_BUILD_DIR}/${UNLOCALIZED_RESOURCES_FOLDER_PATH}/MaterialIcons_ic_color_lens.bundle",
				"${TARGET_BUILD_DIR}/${UNLOCALIZED_RESOURCES_FOLDER_PATH}/MaterialIcons_ic_help_outline.bundle",
				"${TARGET_BUILD_DIR}/${UNLOCALIZED_RESOURCES_FOLDER_PATH}/MaterialIcons_ic_info.bundle",
				"${TARGET_BUILD_DIR}/${UNLOCALIZED_RESOURCES_FOLDER_PATH}/MaterialIcons_ic_more_horiz.bundle",
				"${TARGET_BUILD_DIR}/${UNLOCALIZED_RESOURCES_FOLDER_PATH}/MaterialIcons_ic_radio_button_unchecked.bundle",
				"${TARGET_BUILD_DIR}/${UNLOCALIZED_RESOURCES_FOLDER_PATH}/MaterialIcons_ic_reorder.bundle",
				"${TARGET_BUILD_DIR}/${UNLOCALIZED_RESOURCES_FOLDER_PATH}/MaterialIcons_ic_settings.bundle",
			);
			runOnlyForDeploymentPostprocessing = 0;
			shellPath = /bin/sh;
			shellScript = "\"${PODS_ROOT}/Target Support Files/Pods-AccountCheat/Pods-AccountCheat-resources.sh\"\n";
			showEnvVarsInLog = 0;
		};
		2A2E34882AA8FC10040C8812 /* [CP] Check Pods Manifest.lock */ = {
			isa = PBXShellScriptBuildPhase;
			buildActionMask = 2147483647;
			files = (
			);
			inputFileListPaths = (
			);
			inputPaths = (
				"${PODS_PODFILE_DIR_PATH}/Podfile.lock",
				"${PODS_ROOT}/Manifest.lock",
			);
			name = "[CP] Check Pods Manifest.lock";
			outputFileListPaths = (
			);
			outputPaths = (
				"$(DERIVED_FILE_DIR)/Pods-AccountCheat-checkManifestLockResult.txt",
			);
			runOnlyForDeploymentPostprocessing = 0;
			shellPath = /bin/sh;
			shellScript = "diff \"${PODS_PODFILE_DIR_PATH}/Podfile.lock\" \"${PODS_ROOT}/Manifest.lock\" > /dev/null\nif [ $? != 0 ] ; then\n    # print error to STDERR\n    echo \"error: The sandbox is not in sync with the Podfile.lock. Run 'pod install' or update your CocoaPods installation.\" >&2\n    exit 1\nfi\n# This output is used by Xcode 'outputs' to avoid re-running this script phase.\necho \"SUCCESS\" > \"${SCRIPT_OUTPUT_FILE_0}\"\n";
			showEnvVarsInLog = 0;
		};
/* End PBXShellScriptBuildPhase section */

/* Begin PBXSourcesBuildPhase section */
		553DD0D122D73C79005D739D /* Sources */ = {
			isa = PBXSourcesBuildPhase;
			buildActionMask = 2147483647;
			files = (
				60F709D722D7770100D05534 /* JSDBaseNavigationController.m in Sources */,
				55868B6422E00F4B0038903C /* JSDMyCenterContentVC.m in Sources */,
				559332F422DC359F001D37D6 /* JSDHomeModel.m in Sources */,
				5593333522DECBA3001D37D6 /* UIImage+Tool.m in Sources */,
				552B5E9122E05EA7006EACBC /* JSDModifiPasswordVC.m in Sources */,
				5593333022DEBCF5001D37D6 /* JSDAddNoteVC.m in Sources */,
				552B5E8E22E05E57006EACBC /* JSDFeedbackVC.m in Sources */,
				5593330522DC71C6001D37D6 /* JSDItemListCell.m in Sources */,
				557775AF22E046E200EBC77E /* JSDBaseBackViewController.m in Sources */,
				559332FE22DC4B14001D37D6 /* JSDAddTypeVC.m in Sources */,
				557775B222E04E2600EBC77E /* JSDBaseCollectionController.m in Sources */,
				60F709D422D7770100D05534 /* UIView+JSDFrame.m in Sources */,
				557775AC22E02E6F00EBC77E /* JSDAboutWeVC.m in Sources */,
				6081895E22D9EBBC007CF7E9 /* JSDEditNoteVC.m in Sources */,
				5593332022DD7DD8001D37D6 /* JSDSearchViewModel.m in Sources */,
				559333B922DF2005001D37D6 /* JSDFlagColorModel.m in Sources */,
				559332F022DC321A001D37D6 /* JSDHomeCollectionViewCell.m in Sources */,
				553DD0DA22D73C79005D739D /* AppDelegate.m in Sources */,
				5593331522DD6F51001D37D6 /* JSDItemShowViewCell.m in Sources */,
				60F709DA22D77DA500D05534 /* JSDHomeViewController.m in Sources */,
				5593331D22DD7645001D37D6 /* JSDSearchViewController.m in Sources */,
				5577759822E01F8A00EBC77E /* JSDMyCenterViewModel.m in Sources */,
				5593335B22DEDC21001D37D6 /* JSDPlusButton.m in Sources */,
				6081897522DCC50E007CF7E9 /* JSDItemTableCell.m in Sources */,
				5593330922DC71DE001D37D6 /* JSDItemListViewModel.m in Sources */,
				553DD0EB22D73C7C005D739D /* main.m in Sources */,
				60F709D622D7770100D05534 /* JSDBaseViewController.m in Sources */,
				60F709D322D7770100D05534 /* UIColor+JSDStyle.m in Sources */,
				6081897922DF5BC7007CF7E9 /* JSDAddNoteToTypeVC.m in Sources */,
				6081895922D9DC68007CF7E9 /* JSDItemListViewController.m in Sources */,
				60F709D522D7770100D05534 /* JSDTabBarController.m in Sources */,
				552B5E9422E05EBF006EACBC /* JSDPasswordSecurityVC.m in Sources */,
				6081897C22DF5BEE007CF7E9 /* JSDAddNoteToTypeView.m in Sources */,
				5593332422DDA933001D37D6 /* JSDSearchViewCell.m in Sources */,
				6081897122DCC273007CF7E9 /* JSDItemListVC.m in Sources */,
				55868B6722E010690038903C /* JSDMyCenterVC.m in Sources */,
				5577759422E01F6F00EBC77E /* JSDMyCenterTextCell.m in Sources */,
				5593331022DD6EFD001D37D6 /* JSDItemShowVC.m in Sources */,
				552B5E8B22E05E30006EACBC /* JSDSecurityVC.m in Sources */,
				6081896322DAE56C007CF7E9 /* JSDEditNoteView.m in Sources */,
			);
			runOnlyForDeploymentPostprocessing = 0;
		};
/* End PBXSourcesBuildPhase section */

/* Begin PBXVariantGroup section */
		553DD0E622D73C7C005D739D /* LaunchScreen.storyboard */ = {
			isa = PBXVariantGroup;
			children = (
				553DD0E722D73C7C005D739D /* Base */,
			);
			name = LaunchScreen.storyboard;
			sourceTree = "<group>";
		};
/* End PBXVariantGroup section */

/* Begin XCBuildConfiguration section */
		553DD0EC22D73C7C005D739D /* Debug */ = {
			isa = XCBuildConfiguration;
			buildSettings = {
				ALWAYS_SEARCH_USER_PATHS = NO;
				CLANG_ANALYZER_NONNULL = YES;
				CLANG_ANALYZER_NUMBER_OBJECT_CONVERSION = YES_AGGRESSIVE;
				CLANG_CXX_LANGUAGE_STANDARD = "gnu++14";
				CLANG_CXX_LIBRARY = "libc++";
				CLANG_ENABLE_MODULES = YES;
				CLANG_ENABLE_OBJC_ARC = YES;
				CLANG_ENABLE_OBJC_WEAK = YES;
				CLANG_WARN_BLOCK_CAPTURE_AUTORELEASING = YES;
				CLANG_WARN_BOOL_CONVERSION = YES;
				CLANG_WARN_COMMA = YES;
				CLANG_WARN_CONSTANT_CONVERSION = YES;
				CLANG_WARN_DEPRECATED_OBJC_IMPLEMENTATIONS = YES;
				CLANG_WARN_DIRECT_OBJC_ISA_USAGE = YES_ERROR;
				CLANG_WARN_DOCUMENTATION_COMMENTS = YES;
				CLANG_WARN_EMPTY_BODY = YES;
				CLANG_WARN_ENUM_CONVERSION = YES;
				CLANG_WARN_INFINITE_RECURSION = YES;
				CLANG_WARN_INT_CONVERSION = YES;
				CLANG_WARN_NON_LITERAL_NULL_CONVERSION = YES;
				CLANG_WARN_OBJC_IMPLICIT_RETAIN_SELF = YES;
				CLANG_WARN_OBJC_LITERAL_CONVERSION = YES;
				CLANG_WARN_OBJC_ROOT_CLASS = YES_ERROR;
				CLANG_WARN_RANGE_LOOP_ANALYSIS = YES;
				CLANG_WARN_STRICT_PROTOTYPES = YES;
				CLANG_WARN_SUSPICIOUS_MOVE = YES;
				CLANG_WARN_UNGUARDED_AVAILABILITY = YES_AGGRESSIVE;
				CLANG_WARN_UNREACHABLE_CODE = YES;
				CLANG_WARN__DUPLICATE_METHOD_MATCH = YES;
				COPY_PHASE_STRIP = NO;
				DEBUG_INFORMATION_FORMAT = dwarf;
				ENABLE_STRICT_OBJC_MSGSEND = YES;
				ENABLE_TESTABILITY = YES;
				GCC_C_LANGUAGE_STANDARD = gnu11;
				GCC_DYNAMIC_NO_PIC = NO;
				GCC_NO_COMMON_BLOCKS = YES;
				GCC_OPTIMIZATION_LEVEL = 0;
				GCC_PREPROCESSOR_DEFINITIONS = (
					"DEBUG=1",
					"$(inherited)",
				);
				GCC_WARN_64_TO_32_BIT_CONVERSION = YES;
				GCC_WARN_ABOUT_RETURN_TYPE = YES_ERROR;
				GCC_WARN_UNDECLARED_SELECTOR = YES;
				GCC_WARN_UNINITIALIZED_AUTOS = YES_AGGRESSIVE;
				GCC_WARN_UNUSED_FUNCTION = YES;
				GCC_WARN_UNUSED_VARIABLE = YES;
				IPHONEOS_DEPLOYMENT_TARGET = 13.0;
				MTL_ENABLE_DEBUG_INFO = INCLUDE_SOURCE;
				MTL_FAST_MATH = YES;
				ONLY_ACTIVE_ARCH = YES;
				SDKROOT = iphoneos;
			};
			name = Debug;
		};
		553DD0ED22D73C7C005D739D /* Release */ = {
			isa = XCBuildConfiguration;
			buildSettings = {
				ALWAYS_SEARCH_USER_PATHS = NO;
				CLANG_ANALYZER_NONNULL = YES;
				CLANG_ANALYZER_NUMBER_OBJECT_CONVERSION = YES_AGGRESSIVE;
				CLANG_CXX_LANGUAGE_STANDARD = "gnu++14";
				CLANG_CXX_LIBRARY = "libc++";
				CLANG_ENABLE_MODULES = YES;
				CLANG_ENABLE_OBJC_ARC = YES;
				CLANG_ENABLE_OBJC_WEAK = YES;
				CLANG_WARN_BLOCK_CAPTURE_AUTORELEASING = YES;
				CLANG_WARN_BOOL_CONVERSION = YES;
				CLANG_WARN_COMMA = YES;
				CLANG_WARN_CONSTANT_CONVERSION = YES;
				CLANG_WARN_DEPRECATED_OBJC_IMPLEMENTATIONS = YES;
				CLANG_WARN_DIRECT_OBJC_ISA_USAGE = YES_ERROR;
				CLANG_WARN_DOCUMENTATION_COMMENTS = YES;
				CLANG_WARN_EMPTY_BODY = YES;
				CLANG_WARN_ENUM_CONVERSION = YES;
				CLANG_WARN_INFINITE_RECURSION = YES;
				CLANG_WARN_INT_CONVERSION = YES;
				CLANG_WARN_NON_LITERAL_NULL_CONVERSION = YES;
				CLANG_WARN_OBJC_IMPLICIT_RETAIN_SELF = YES;
				CLANG_WARN_OBJC_LITERAL_CONVERSION = YES;
				CLANG_WARN_OBJC_ROOT_CLASS = YES_ERROR;
				CLANG_WARN_RANGE_LOOP_ANALYSIS = YES;
				CLANG_WARN_STRICT_PROTOTYPES = YES;
				CLANG_WARN_SUSPICIOUS_MOVE = YES;
				CLANG_WARN_UNGUARDED_AVAILABILITY = YES_AGGRESSIVE;
				CLANG_WARN_UNREACHABLE_CODE = YES;
				CLANG_WARN__DUPLICATE_METHOD_MATCH = YES;
				COPY_PHASE_STRIP = NO;
				DEBUG_INFORMATION_FORMAT = "dwarf-with-dsym";
				ENABLE_NS_ASSERTIONS = NO;
				ENABLE_STRICT_OBJC_MSGSEND = YES;
				GCC_C_LANGUAGE_STANDARD = gnu11;
				GCC_NO_COMMON_BLOCKS = YES;
				GCC_WARN_64_TO_32_BIT_CONVERSION = YES;
				GCC_WARN_ABOUT_RETURN_TYPE = YES_ERROR;
				GCC_WARN_UNDECLARED_SELECTOR = YES;
				GCC_WARN_UNINITIALIZED_AUTOS = YES_AGGRESSIVE;
				GCC_WARN_UNUSED_FUNCTION = YES;
				GCC_WARN_UNUSED_VARIABLE = YES;
				IPHONEOS_DEPLOYMENT_TARGET = 13.0;
				MTL_ENABLE_DEBUG_INFO = NO;
				MTL_FAST_MATH = YES;
				SDKROOT = iphoneos;
				VALIDATE_PRODUCT = YES;
			};
			name = Release;
		};
		553DD0EF22D73C7C005D739D /* Debug */ = {
			isa = XCBuildConfiguration;
			baseConfigurationReference = 1B43226E312D774371B81F5D /* Pods-AccountCheat.debug.xcconfig */;
			buildSettings = {
				ASSETCATALOG_COMPILER_APPICON_NAME = AppIcon;
				CODE_SIGN_IDENTITY = "iPhone Developer";
				CODE_SIGN_STYLE = Automatic;
				DEVELOPMENT_TEAM = WMH655YJ87;
				GCC_PREFIX_HEADER = "$(SRCROOT)/AccountCheat/Supporting Files/JSDPrefixHeader.pch";
				INFOPLIST_FILE = "$(SRCROOT)/AccountCheat/Supporting Files/Info.plist";
				IPHONEOS_DEPLOYMENT_TARGET = 9.0;
				LD_RUNPATH_SEARCH_PATHS = (
					"$(inherited)",
					"@executable_path/Frameworks",
				);
				PRODUCT_BUNDLE_IDENTIFIER = com.jerseyCafe.AccountCheat;
				PRODUCT_NAME = "$(TARGET_NAME)";
				PROVISIONING_PROFILE_SPECIFIER = "";
				TARGETED_DEVICE_FAMILY = 1;
			};
			name = Debug;
		};
		553DD0F022D73C7C005D739D /* Release */ = {
			isa = XCBuildConfiguration;
			baseConfigurationReference = CA36B848871123248EBEB14C /* Pods-AccountCheat.release.xcconfig */;
			buildSettings = {
				ASSETCATALOG_COMPILER_APPICON_NAME = AppIcon;
				CODE_SIGN_IDENTITY = "iPhone Developer";
				CODE_SIGN_STYLE = Automatic;
				DEVELOPMENT_TEAM = WMH655YJ87;
				GCC_PREFIX_HEADER = "$(SRCROOT)/AccountCheat/Supporting Files/JSDPrefixHeader.pch";
				INFOPLIST_FILE = "$(SRCROOT)/AccountCheat/Supporting Files/Info.plist";
				IPHONEOS_DEPLOYMENT_TARGET = 9.0;
				LD_RUNPATH_SEARCH_PATHS = (
					"$(inherited)",
					"@executable_path/Frameworks",
				);
				PRODUCT_BUNDLE_IDENTIFIER = com.jerseyCafe.AccountCheat;
				PRODUCT_NAME = "$(TARGET_NAME)";
				PROVISIONING_PROFILE_SPECIFIER = "";
				TARGETED_DEVICE_FAMILY = 1;
			};
			name = Release;
		};
/* End XCBuildConfiguration section */

/* Begin XCConfigurationList section */
		553DD0D022D73C78005D739D /* Build configuration list for PBXProject "AccountCheat" */ = {
			isa = XCConfigurationList;
			buildConfigurations = (
				553DD0EC22D73C7C005D739D /* Debug */,
				553DD0ED22D73C7C005D739D /* Release */,
			);
			defaultConfigurationIsVisible = 0;
			defaultConfigurationName = Release;
		};
		553DD0EE22D73C7C005D739D /* Build configuration list for PBXNativeTarget "AccountCheat" */ = {
			isa = XCConfigurationList;
			buildConfigurations = (
				553DD0EF22D73C7C005D739D /* Debug */,
				553DD0F022D73C7C005D739D /* Release */,
			);
			defaultConfigurationIsVisible = 0;
			defaultConfigurationName = Release;
		};
/* End XCConfigurationList section */
	};
	rootObject = 553DD0CD22D73C78005D739D /* Project object */;
}
