// !$*UTF8*$!
{
	archiveVersion = 1;
	classes = {
	};
	objectVersion = 50;
	objects = {

/* Begin PBXBuildFile section */
		3A8E719430A8C97103483090 /* libPods-AccountCheat.a in Frameworks */ = {isa = PBXBuildFile; fileRef = 59A5F0C2D479B410CED70D5E /* libPods-AccountCheat.a */; };
		553DD0DA22D73C79005D739D /* AppDelegate.m in Sources */ = {isa = PBXBuildFile; fileRef = 553DD0D922D73C79005D739D /* AppDelegate.m */; };
		553DD0E522D73C7C005D739D /* Assets.xcassets in Resources */ = {isa = PBXBuildFile; fileRef = 553DD0E422D73C7C005D739D /* Assets.xcassets */; };
		553DD0E822D73C7C005D739D /* LaunchScreen.storyboard in Resources */ = {isa = PBXBuildFile; fileRef = 553DD0E622D73C7C005D739D /* LaunchScreen.storyboard */; };
		553DD0EB22D73C7C005D739D /* main.m in Sources */ = {isa = PBXBuildFile; fileRef = 553DD0EA22D73C7C005D739D /* main.m */; };
		559332F022DC321A001D37D6 /* JSDHomeCollectionViewCell.m in Sources */ = {isa = PBXBuildFile; fileRef = 559332EE22DC321A001D37D6 /* JSDHomeCollectionViewCell.m */; };
		559332F122DC321A001D37D6 /* JSDHomeCollectionViewCell.xib in Resources */ = {isa = PBXBuildFile; fileRef = 559332EF22DC321A001D37D6 /* JSDHomeCollectionViewCell.xib */; };
		559332F422DC359F001D37D6 /* JSDHomeModel.m in Sources */ = {isa = PBXBuildFile; fileRef = 559332F322DC359F001D37D6 /* JSDHomeModel.m */; };
		559332F622DC37FA001D37D6 /* typeData.json in Resources */ = {isa = PBXBuildFile; fileRef = 559332F522DC37F9001D37D6 /* typeData.json */; };
		559332FE22DC4B14001D37D6 /* JSDAddTypeVC.m in Sources */ = {isa = PBXBuildFile; fileRef = 559332FC22DC4B14001D37D6 /* JSDAddTypeVC.m */; };
		559332FF22DC4B14001D37D6 /* JSDAddTypeVC.xib in Resources */ = {isa = PBXBuildFile; fileRef = 559332FD22DC4B14001D37D6 /* JSDAddTypeVC.xib */; };
		5593330522DC71C6001D37D6 /* JSDItemListCell.m in Sources */ = {isa = PBXBuildFile; fileRef = 5593330322DC71C6001D37D6 /* JSDItemListCell.m */; };
		5593330622DC71C6001D37D6 /* JSDItemListCell.xib in Resources */ = {isa = PBXBuildFile; fileRef = 5593330422DC71C6001D37D6 /* JSDItemListCell.xib */; };
		5593330922DC71DE001D37D6 /* JSDItemListViewModel.m in Sources */ = {isa = PBXBuildFile; fileRef = 5593330822DC71DE001D37D6 /* JSDItemListViewModel.m */; };
		5593331022DD6EFD001D37D6 /* JSDItemShowVC.m in Sources */ = {isa = PBXBuildFile; fileRef = 5593330F22DD6EFD001D37D6 /* JSDItemShowVC.m */; };
		5593331522DD6F51001D37D6 /* JSDItemShowViewCell.m in Sources */ = {isa = PBXBuildFile; fileRef = 5593331322DD6F51001D37D6 /* JSDItemShowViewCell.m */; };
		5593331622DD6F51001D37D6 /* JSDItemShowViewCell.xib in Resources */ = {isa = PBXBuildFile; fileRef = 5593331422DD6F51001D37D6 /* JSDItemShowViewCell.xib */; };
		5593331D22DD7645001D37D6 /* JSDSearchViewController.m in Sources */ = {isa = PBXBuildFile; fileRef = 5593331C22DD7645001D37D6 /* JSDSearchViewController.m */; };
		5593332022DD7DD8001D37D6 /* JSDSearchViewModel.m in Sources */ = {isa = PBXBuildFile; fileRef = 5593331F22DD7DD8001D37D6 /* JSDSearchViewModel.m */; };
		5593332422DDA933001D37D6 /* JSDSearchViewCell.m in Sources */ = {isa = PBXBuildFile; fileRef = 5593332222DDA933001D37D6 /* JSDSearchViewCell.m */; };
		5593332522DDA933001D37D6 /* JSDSearchViewCell.xib in Resources */ = {isa = PBXBuildFile; fileRef = 5593332322DDA933001D37D6 /* JSDSearchViewCell.xib */; };
		5593332722DDC648001D37D6 /* search.png in Resources */ = {isa = PBXBuildFile; fileRef = 5593332622DDC647001D37D6 /* search.png */; };
		5593332922DDC8A3001D37D6 /* add.png in Resources */ = {isa = PBXBuildFile; fileRef = 5593332822DDC8A2001D37D6 /* add.png */; };
		5593332C22DDCB6A001D37D6 /* collection_default.png in Resources */ = {isa = PBXBuildFile; fileRef = 5593332A22DDCB6A001D37D6 /* collection_default.png */; };
		5593332D22DDCB6A001D37D6 /* collection_selected.png in Resources */ = {isa = PBXBuildFile; fileRef = 5593332B22DDCB6A001D37D6 /* collection_selected.png */; };
		6081895922D9DC68007CF7E9 /* JSDItemListViewController.m in Sources */ = {isa = PBXBuildFile; fileRef = 6081895822D9DC68007CF7E9 /* JSDItemListViewController.m */; };
		6081895E22D9EBBC007CF7E9 /* JSDEditNoteVC.m in Sources */ = {isa = PBXBuildFile; fileRef = 6081895D22D9EBBC007CF7E9 /* JSDEditNoteVC.m */; };
		6081896322DAE56C007CF7E9 /* JSDEditNoteView.m in Sources */ = {isa = PBXBuildFile; fileRef = 6081896222DAE56C007CF7E9 /* JSDEditNoteView.m */; };
		6081896722DAE59E007CF7E9 /* JSDEditNoteView.xib in Resources */ = {isa = PBXBuildFile; fileRef = 6081896622DAE59E007CF7E9 /* JSDEditNoteView.xib */; };
		6081897122DCC273007CF7E9 /* JSDItemListVC.m in Sources */ = {isa = PBXBuildFile; fileRef = 6081897022DCC273007CF7E9 /* JSDItemListVC.m */; };
		6081897522DCC50E007CF7E9 /* JSDItemTableCell.m in Sources */ = {isa = PBXBuildFile; fileRef = 6081897322DCC50E007CF7E9 /* JSDItemTableCell.m */; };
		6081897622DCC50E007CF7E9 /* JSDItemTableCell.xib in Resources */ = {isa = PBXBuildFile; fileRef = 6081897422DCC50E007CF7E9 /* JSDItemTableCell.xib */; };
		60F709D322D7770100D05534 /* UIColor+JSDStyle.m in Sources */ = {isa = PBXBuildFile; fileRef = 60F709BC22D7770000D05534 /* UIColor+JSDStyle.m */; };
		60F709D422D7770100D05534 /* UIView+JSDFrame.m in Sources */ = {isa = PBXBuildFile; fileRef = 60F709BE22D7770000D05534 /* UIView+JSDFrame.m */; };
		60F709D522D7770100D05534 /* JSDTabBarController.m in Sources */ = {isa = PBXBuildFile; fileRef = 60F709CB22D7770100D05534 /* JSDTabBarController.m */; };
		60F709D622D7770100D05534 /* JSDBaseViewController.m in Sources */ = {isa = PBXBuildFile; fileRef = 60F709CE22D7770100D05534 /* JSDBaseViewController.m */; };
		60F709D722D7770100D05534 /* JSDBaseNavigationController.m in Sources */ = {isa = PBXBuildFile; fileRef = 60F709D122D7770100D05534 /* JSDBaseNavigationController.m */; };
		60F709DA22D77DA500D05534 /* JSDHomeViewController.m in Sources */ = {isa = PBXBuildFile; fileRef = 60F709D922D77DA500D05534 /* JSDHomeViewController.m */; };
/* End PBXBuildFile section */

/* Begin PBXFileReference section */
		1B43226E312D774371B81F5D /* Pods-AccountCheat.debug.xcconfig */ = {isa = PBXFileReference; includeInIndex = 1; lastKnownFileType = text.xcconfig; name = "Pods-AccountCheat.debug.xcconfig"; path = "Target Support Files/Pods-AccountCheat/Pods-AccountCheat.debug.xcconfig"; sourceTree = "<group>"; };
		553DD0D522D73C79005D739D /* AccountCheat.app */ = {isa = PBXFileReference; explicitFileType = wrapper.application; includeInIndex = 0; path = AccountCheat.app; sourceTree = BUILT_PRODUCTS_DIR; };
		553DD0D822D73C79005D739D /* AppDelegate.h */ = {isa = PBXFileReference; lastKnownFileType = sourcecode.c.h; path = AppDelegate.h; sourceTree = "<group>"; };
		553DD0D922D73C79005D739D /* AppDelegate.m */ = {isa = PBXFileReference; lastKnownFileType = sourcecode.c.objc; path = AppDelegate.m; sourceTree = "<group>"; };
		553DD0E422D73C7C005D739D /* Assets.xcassets */ = {isa = PBXFileReference; lastKnownFileType = folder.assetcatalog; path = Assets.xcassets; sourceTree = "<group>"; };
		553DD0E722D73C7C005D739D /* Base */ = {isa = PBXFileReference; lastKnownFileType = file.storyboard; name = Base; path = Base.lproj/LaunchScreen.storyboard; sourceTree = "<group>"; };
		553DD0E922D73C7C005D739D /* Info.plist */ = {isa = PBXFileReference; lastKnownFileType = text.plist.xml; path = Info.plist; sourceTree = "<group>"; };
		553DD0EA22D73C7C005D739D /* main.m */ = {isa = PBXFileReference; lastKnownFileType = sourcecode.c.objc; path = main.m; sourceTree = "<group>"; };
		559332ED22DC321A001D37D6 /* JSDHomeCollectionViewCell.h */ = {isa = PBXFileReference; lastKnownFileType = sourcecode.c.h; path = JSDHomeCollectionViewCell.h; sourceTree = "<group>"; };
		559332EE22DC321A001D37D6 /* JSDHomeCollectionViewCell.m */ = {isa = PBXFileReference; lastKnownFileType = sourcecode.c.objc; path = JSDHomeCollectionViewCell.m; sourceTree = "<group>"; };
		559332EF22DC321A001D37D6 /* JSDHomeCollectionViewCell.xib */ = {isa = PBXFileReference; lastKnownFileType = file.xib; path = JSDHomeCollectionViewCell.xib; sourceTree = "<group>"; };
		559332F222DC359F001D37D6 /* JSDHomeModel.h */ = {isa = PBXFileReference; lastKnownFileType = sourcecode.c.h; path = JSDHomeModel.h; sourceTree = "<group>"; };
		559332F322DC359F001D37D6 /* JSDHomeModel.m */ = {isa = PBXFileReference; lastKnownFileType = sourcecode.c.objc; path = JSDHomeModel.m; sourceTree = "<group>"; };
		559332F522DC37F9001D37D6 /* typeData.json */ = {isa = PBXFileReference; fileEncoding = 4; lastKnownFileType = text.json; path = typeData.json; sourceTree = "<group>"; };
		559332FB22DC4B14001D37D6 /* JSDAddTypeVC.h */ = {isa = PBXFileReference; lastKnownFileType = sourcecode.c.h; path = JSDAddTypeVC.h; sourceTree = "<group>"; };
		559332FC22DC4B14001D37D6 /* JSDAddTypeVC.m */ = {isa = PBXFileReference; lastKnownFileType = sourcecode.c.objc; path = JSDAddTypeVC.m; sourceTree = "<group>"; };
		559332FD22DC4B14001D37D6 /* JSDAddTypeVC.xib */ = {isa = PBXFileReference; lastKnownFileType = file.xib; path = JSDAddTypeVC.xib; sourceTree = "<group>"; };
		5593330222DC71C6001D37D6 /* JSDItemListCell.h */ = {isa = PBXFileReference; lastKnownFileType = sourcecode.c.h; path = JSDItemListCell.h; sourceTree = "<group>"; };
		5593330322DC71C6001D37D6 /* JSDItemListCell.m */ = {isa = PBXFileReference; lastKnownFileType = sourcecode.c.objc; path = JSDItemListCell.m; sourceTree = "<group>"; };
		5593330422DC71C6001D37D6 /* JSDItemListCell.xib */ = {isa = PBXFileReference; lastKnownFileType = file.xib; path = JSDItemListCell.xib; sourceTree = "<group>"; };
		5593330722DC71DE001D37D6 /* JSDItemListViewModel.h */ = {isa = PBXFileReference; lastKnownFileType = sourcecode.c.h; path = JSDItemListViewModel.h; sourceTree = "<group>"; };
		5593330822DC71DE001D37D6 /* JSDItemListViewModel.m */ = {isa = PBXFileReference; lastKnownFileType = sourcecode.c.objc; path = JSDItemListViewModel.m; sourceTree = "<group>"; };
		5593330E22DD6EFD001D37D6 /* JSDItemShowVC.h */ = {isa = PBXFileReference; lastKnownFileType = sourcecode.c.h; path = JSDItemShowVC.h; sourceTree = "<group>"; };
		5593330F22DD6EFD001D37D6 /* JSDItemShowVC.m */ = {isa = PBXFileReference; lastKnownFileType = sourcecode.c.objc; path = JSDItemShowVC.m; sourceTree = "<group>"; };
		5593331222DD6F51001D37D6 /* JSDItemShowViewCell.h */ = {isa = PBXFileReference; lastKnownFileType = sourcecode.c.h; path = JSDItemShowViewCell.h; sourceTree = "<group>"; };
		5593331322DD6F51001D37D6 /* JSDItemShowViewCell.m */ = {isa = PBXFileReference; lastKnownFileType = sourcecode.c.objc; path = JSDItemShowViewCell.m; sourceTree = "<group>"; };
		5593331422DD6F51001D37D6 /* JSDItemShowViewCell.xib */ = {isa = PBXFileReference; lastKnownFileType = file.xib; path = JSDItemShowViewCell.xib; sourceTree = "<group>"; };
		5593331B22DD7645001D37D6 /* JSDSearchViewController.h */ = {isa = PBXFileReference; lastKnownFileType = sourcecode.c.h; path = JSDSearchViewController.h; sourceTree = "<group>"; };
		5593331C22DD7645001D37D6 /* JSDSearchViewController.m */ = {isa = PBXFileReference; lastKnownFileType = sourcecode.c.objc; path = JSDSearchViewController.m; sourceTree = "<group>"; };
		5593331E22DD7DD8001D37D6 /* JSDSearchViewModel.h */ = {isa = PBXFileReference; lastKnownFileType = sourcecode.c.h; path = JSDSearchViewModel.h; sourceTree = "<group>"; };
		5593331F22DD7DD8001D37D6 /* JSDSearchViewModel.m */ = {isa = PBXFileReference; lastKnownFileType = sourcecode.c.objc; path = JSDSearchViewModel.m; sourceTree = "<group>"; };
		5593332122DDA933001D37D6 /* JSDSearchViewCell.h */ = {isa = PBXFileReference; lastKnownFileType = sourcecode.c.h; path = JSDSearchViewCell.h; sourceTree = "<group>"; };
		5593332222DDA933001D37D6 /* JSDSearchViewCell.m */ = {isa = PBXFileReference; lastKnownFileType = sourcecode.c.objc; path = JSDSearchViewCell.m; sourceTree = "<group>"; };
		5593332322DDA933001D37D6 /* JSDSearchViewCell.xib */ = {isa = PBXFileReference; lastKnownFileType = file.xib; path = JSDSearchViewCell.xib; sourceTree = "<group>"; };
		5593332622DDC647001D37D6 /* search.png */ = {isa = PBXFileReference; lastKnownFileType = image.png; path = search.png; sourceTree = "<group>"; };
		5593332822DDC8A2001D37D6 /* add.png */ = {isa = PBXFileReference; lastKnownFileType = image.png; path = add.png; sourceTree = "<group>"; };
		5593332A22DDCB6A001D37D6 /* collection_default.png */ = {isa = PBXFileReference; lastKnownFileType = image.png; path = collection_default.png; sourceTree = "<group>"; };
		5593332B22DDCB6A001D37D6 /* collection_selected.png */ = {isa = PBXFileReference; lastKnownFileType = image.png; path = collection_selected.png; sourceTree = "<group>"; };
		59A5F0C2D479B410CED70D5E /* libPods-AccountCheat.a */ = {isa = PBXFileReference; explicitFileType = archive.ar; includeInIndex = 0; path = "libPods-AccountCheat.a"; sourceTree = BUILT_PRODUCTS_DIR; };
		6081895722D9DC68007CF7E9 /* JSDItemListViewController.h */ = {isa = PBXFileReference; lastKnownFileType = sourcecode.c.h; path = JSDItemListViewController.h; sourceTree = "<group>"; };
		6081895822D9DC68007CF7E9 /* JSDItemListViewController.m */ = {isa = PBXFileReference; lastKnownFileType = sourcecode.c.objc; path = JSDItemListViewController.m; sourceTree = "<group>"; };
		6081895C22D9EBBC007CF7E9 /* JSDEditNoteVC.h */ = {isa = PBXFileReference; lastKnownFileType = sourcecode.c.h; path = JSDEditNoteVC.h; sourceTree = "<group>"; };
		6081895D22D9EBBC007CF7E9 /* JSDEditNoteVC.m */ = {isa = PBXFileReference; lastKnownFileType = sourcecode.c.objc; path = JSDEditNoteVC.m; sourceTree = "<group>"; };
		6081896122DAE56C007CF7E9 /* JSDEditNoteView.h */ = {isa = PBXFileReference; lastKnownFileType = sourcecode.c.h; path = JSDEditNoteView.h; sourceTree = "<group>"; };
		6081896222DAE56C007CF7E9 /* JSDEditNoteView.m */ = {isa = PBXFileReference; lastKnownFileType = sourcecode.c.objc; path = JSDEditNoteView.m; sourceTree = "<group>"; };
		6081896622DAE59E007CF7E9 /* JSDEditNoteView.xib */ = {isa = PBXFileReference; lastKnownFileType = file.xib; path = JSDEditNoteView.xib; sourceTree = "<group>"; };
		6081896F22DCC273007CF7E9 /* JSDItemListVC.h */ = {isa = PBXFileReference; lastKnownFileType = sourcecode.c.h; path = JSDItemListVC.h; sourceTree = "<group>"; };
		6081897022DCC273007CF7E9 /* JSDItemListVC.m */ = {isa = PBXFileReference; lastKnownFileType = sourcecode.c.objc; path = JSDItemListVC.m; sourceTree = "<group>"; };
		6081897222DCC50E007CF7E9 /* JSDItemTableCell.h */ = {isa = PBXFileReference; lastKnownFileType = sourcecode.c.h; path = JSDItemTableCell.h; sourceTree = "<group>"; };
		6081897322DCC50E007CF7E9 /* JSDItemTableCell.m */ = {isa = PBXFileReference; lastKnownFileType = sourcecode.c.objc; path = JSDItemTableCell.m; sourceTree = "<group>"; };
		6081897422DCC50E007CF7E9 /* JSDItemTableCell.xib */ = {isa = PBXFileReference; lastKnownFileType = file.xib; path = JSDItemTableCell.xib; sourceTree = "<group>"; };
		60F709BB22D7770000D05534 /* UIColor+JSDStyle.h */ = {isa = PBXFileReference; fileEncoding = 4; lastKnownFileType = sourcecode.c.h; path = "UIColor+JSDStyle.h"; sourceTree = "<group>"; };
		60F709BC22D7770000D05534 /* UIColor+JSDStyle.m */ = {isa = PBXFileReference; fileEncoding = 4; lastKnownFileType = sourcecode.c.objc; path = "UIColor+JSDStyle.m"; sourceTree = "<group>"; };
		60F709BE22D7770000D05534 /* UIView+JSDFrame.m */ = {isa = PBXFileReference; fileEncoding = 4; lastKnownFileType = sourcecode.c.objc; path = "UIView+JSDFrame.m"; sourceTree = "<group>"; };
		60F709BF22D7770000D05534 /* UIView+JSDFrame.h */ = {isa = PBXFileReference; fileEncoding = 4; lastKnownFileType = sourcecode.c.h; path = "UIView+JSDFrame.h"; sourceTree = "<group>"; };
		60F709CB22D7770100D05534 /* JSDTabBarController.m */ = {isa = PBXFileReference; fileEncoding = 4; lastKnownFileType = sourcecode.c.objc; path = JSDTabBarController.m; sourceTree = "<group>"; };
		60F709CC22D7770100D05534 /* JSDTabBarController.h */ = {isa = PBXFileReference; fileEncoding = 4; lastKnownFileType = sourcecode.c.h; path = JSDTabBarController.h; sourceTree = "<group>"; };
		60F709CE22D7770100D05534 /* JSDBaseViewController.m */ = {isa = PBXFileReference; fileEncoding = 4; lastKnownFileType = sourcecode.c.objc; path = JSDBaseViewController.m; sourceTree = "<group>"; };
		60F709CF22D7770100D05534 /* JSDBaseNavigationController.h */ = {isa = PBXFileReference; fileEncoding = 4; lastKnownFileType = sourcecode.c.h; path = JSDBaseNavigationController.h; sourceTree = "<group>"; };
		60F709D022D7770100D05534 /* JSDBaseViewController.h */ = {isa = PBXFileReference; fileEncoding = 4; lastKnownFileType = sourcecode.c.h; path = JSDBaseViewController.h; sourceTree = "<group>"; };
		60F709D122D7770100D05534 /* JSDBaseNavigationController.m */ = {isa = PBXFileReference; fileEncoding = 4; lastKnownFileType = sourcecode.c.objc; path = JSDBaseNavigationController.m; sourceTree = "<group>"; };
		60F709D822D77DA500D05534 /* JSDHomeViewController.h */ = {isa = PBXFileReference; lastKnownFileType = sourcecode.c.h; path = JSDHomeViewController.h; sourceTree = "<group>"; };
		60F709D922D77DA500D05534 /* JSDHomeViewController.m */ = {isa = PBXFileReference; lastKnownFileType = sourcecode.c.objc; path = JSDHomeViewController.m; sourceTree = "<group>"; };
		60F709DB22D77E3200D05534 /* JSDMacro.h */ = {isa = PBXFileReference; fileEncoding = 4; lastKnownFileType = sourcecode.c.h; path = JSDMacro.h; sourceTree = "<group>"; };
		60F709DC22D77E3200D05534 /* JSDPrefixHeader.pch */ = {isa = PBXFileReference; fileEncoding = 4; lastKnownFileType = sourcecode.c.h; path = JSDPrefixHeader.pch; sourceTree = "<group>"; };
		60F709DD22D77E3200D05534 /* JSDPublic.h */ = {isa = PBXFileReference; fileEncoding = 4; lastKnownFileType = sourcecode.c.h; path = JSDPublic.h; sourceTree = "<group>"; };
		CA36B848871123248EBEB14C /* Pods-AccountCheat.release.xcconfig */ = {isa = PBXFileReference; includeInIndex = 1; lastKnownFileType = text.xcconfig; name = "Pods-AccountCheat.release.xcconfig"; path = "Target Support Files/Pods-AccountCheat/Pods-AccountCheat.release.xcconfig"; sourceTree = "<group>"; };
/* End PBXFileReference section */

/* Begin PBXFrameworksBuildPhase section */
		553DD0D222D73C79005D739D /* Frameworks */ = {
			isa = PBXFrameworksBuildPhase;
			buildActionMask = 2147483647;
			files = (
				3A8E719430A8C97103483090 /* libPods-AccountCheat.a in Frameworks */,
			);
			runOnlyForDeploymentPostprocessing = 0;
		};
/* End PBXFrameworksBuildPhase section */

/* Begin PBXGroup section */
		553DD0CC22D73C78005D739D = {
			isa = PBXGroup;
			children = (
				553DD0D722D73C79005D739D /* AccountCheat */,
				553DD0D622D73C79005D739D /* Products */,
				939564EBF7F5DA4AAA2FD03E /* Pods */,
				81592758B602A85A4EEE6EB5 /* Frameworks */,
			);
			sourceTree = "<group>";
		};
		553DD0D622D73C79005D739D /* Products */ = {
			isa = PBXGroup;
			children = (
				553DD0D522D73C79005D739D /* AccountCheat.app */,
			);
			name = Products;
			sourceTree = "<group>";
		};
		553DD0D722D73C79005D739D /* AccountCheat */ = {
			isa = PBXGroup;
			children = (
				60F709DE22D77ED400D05534 /* Application */,
				60F709C922D7770100D05534 /* Base */,
				60F709B922D7770000D05534 /* CategoryTool */,
				60F709C022D7770000D05534 /* Modules */,
				60F709D222D7770100D05534 /* Supporting Files */,
			);
			path = AccountCheat;
			sourceTree = "<group>";
		};
		559332F722DC4ADC001D37D6 /* Type */ = {
			isa = PBXGroup;
			children = (
				559332FA22DC4AF4001D37D6 /* ViewController */,
				559332F922DC4AED001D37D6 /* View */,
				559332F822DC4AE6001D37D6 /* Model */,
			);
			path = Type;
			sourceTree = "<group>";
		};
		559332F822DC4AE6001D37D6 /* Model */ = {
			isa = PBXGroup;
			children = (
			);
			path = Model;
			sourceTree = "<group>";
		};
		559332F922DC4AED001D37D6 /* View */ = {
			isa = PBXGroup;
			children = (
			);
			path = View;
			sourceTree = "<group>";
		};
		559332FA22DC4AF4001D37D6 /* ViewController */ = {
			isa = PBXGroup;
			children = (
				559332FB22DC4B14001D37D6 /* JSDAddTypeVC.h */,
				559332FC22DC4B14001D37D6 /* JSDAddTypeVC.m */,
				559332FD22DC4B14001D37D6 /* JSDAddTypeVC.xib */,
			);
			path = ViewController;
			sourceTree = "<group>";
		};
		5593330022DC7189001D37D6 /* View */ = {
			isa = PBXGroup;
			children = (
				5593330222DC71C6001D37D6 /* JSDItemListCell.h */,
				5593330322DC71C6001D37D6 /* JSDItemListCell.m */,
				5593330422DC71C6001D37D6 /* JSDItemListCell.xib */,
				6081897222DCC50E007CF7E9 /* JSDItemTableCell.h */,
				6081897322DCC50E007CF7E9 /* JSDItemTableCell.m */,
				6081897422DCC50E007CF7E9 /* JSDItemTableCell.xib */,
			);
			path = View;
			sourceTree = "<group>";
		};
		5593330122DC7193001D37D6 /* Model */ = {
			isa = PBXGroup;
			children = (
				5593330722DC71DE001D37D6 /* JSDItemListViewModel.h */,
				5593330822DC71DE001D37D6 /* JSDItemListViewModel.m */,
			);
			path = Model;
			sourceTree = "<group>";
		};
		5593331122DD6F13001D37D6 /* View */ = {
			isa = PBXGroup;
			children = (
				5593331222DD6F51001D37D6 /* JSDItemShowViewCell.h */,
				5593331322DD6F51001D37D6 /* JSDItemShowViewCell.m */,
				5593331422DD6F51001D37D6 /* JSDItemShowViewCell.xib */,
			);
			path = View;
			sourceTree = "<group>";
		};
		5593331722DD75EE001D37D6 /* Search */ = {
			isa = PBXGroup;
			children = (
				5593331A22DD760B001D37D6 /* Model */,
				5593331922DD7601001D37D6 /* View */,
				5593331822DD75FA001D37D6 /* ViewController */,
			);
			path = Search;
			sourceTree = "<group>";
		};
		5593331822DD75FA001D37D6 /* ViewController */ = {
			isa = PBXGroup;
			children = (
				5593331B22DD7645001D37D6 /* JSDSearchViewController.h */,
				5593331C22DD7645001D37D6 /* JSDSearchViewController.m */,
			);
			path = ViewController;
			sourceTree = "<group>";
		};
		5593331922DD7601001D37D6 /* View */ = {
			isa = PBXGroup;
			children = (
				5593332122DDA933001D37D6 /* JSDSearchViewCell.h */,
				5593332222DDA933001D37D6 /* JSDSearchViewCell.m */,
				5593332322DDA933001D37D6 /* JSDSearchViewCell.xib */,
			);
			path = View;
			sourceTree = "<group>";
		};
		5593331A22DD760B001D37D6 /* Model */ = {
			isa = PBXGroup;
			children = (
				5593331E22DD7DD8001D37D6 /* JSDSearchViewModel.h */,
				5593331F22DD7DD8001D37D6 /* JSDSearchViewModel.m */,
			);
			path = Model;
			sourceTree = "<group>";
		};
		6081895522D9DC1C007CF7E9 /* ItemList */ = {
			isa = PBXGroup;
			children = (
				5593330122DC7193001D37D6 /* Model */,
				5593330022DC7189001D37D6 /* View */,
				6081895622D9DC2D007CF7E9 /* ViewController */,
			);
			path = ItemList;
			sourceTree = "<group>";
		};
		6081895622D9DC2D007CF7E9 /* ViewController */ = {
			isa = PBXGroup;
			children = (
				6081895722D9DC68007CF7E9 /* JSDItemListViewController.h */,
				6081895822D9DC68007CF7E9 /* JSDItemListViewController.m */,
				6081896F22DCC273007CF7E9 /* JSDItemListVC.h */,
				6081897022DCC273007CF7E9 /* JSDItemListVC.m */,
			);
			path = ViewController;
			sourceTree = "<group>";
		};
		6081895A22D9EB87007CF7E9 /* EditItem */ = {
			isa = PBXGroup;
			children = (
				6081896022DAE558007CF7E9 /* Model */,
				6081895F22DAE550007CF7E9 /* View */,
				6081895B22D9EB91007CF7E9 /* ViewComtroller */,
			);
			path = EditItem;
			sourceTree = "<group>";
		};
		6081895B22D9EB91007CF7E9 /* ViewComtroller */ = {
			isa = PBXGroup;
			children = (
				6081895C22D9EBBC007CF7E9 /* JSDEditNoteVC.h */,
				6081895D22D9EBBC007CF7E9 /* JSDEditNoteVC.m */,
			);
			path = ViewComtroller;
			sourceTree = "<group>";
		};
		6081895F22DAE550007CF7E9 /* View */ = {
			isa = PBXGroup;
			children = (
				6081896122DAE56C007CF7E9 /* JSDEditNoteView.h */,
				6081896222DAE56C007CF7E9 /* JSDEditNoteView.m */,
				6081896622DAE59E007CF7E9 /* JSDEditNoteView.xib */,
			);
			path = View;
			sourceTree = "<group>";
		};
		6081896022DAE558007CF7E9 /* Model */ = {
			isa = PBXGroup;
			children = (
			);
			path = Model;
			sourceTree = "<group>";
		};
		6081896A22DCB792007CF7E9 /* Show */ = {
			isa = PBXGroup;
			children = (
				5593331122DD6F13001D37D6 /* View */,
				6081896B22DCB79F007CF7E9 /* ViewController */,
			);
			path = Show;
			sourceTree = "<group>";
		};
		6081896B22DCB79F007CF7E9 /* ViewController */ = {
			isa = PBXGroup;
			children = (
				5593330E22DD6EFD001D37D6 /* JSDItemShowVC.h */,
				5593330F22DD6EFD001D37D6 /* JSDItemShowVC.m */,
			);
			path = ViewController;
			sourceTree = "<group>";
		};
		60F709B922D7770000D05534 /* CategoryTool */ = {
			isa = PBXGroup;
			children = (
				60F709BA22D7770000D05534 /* UIStyle */,
				60F709BD22D7770000D05534 /* UIView */,
			);
			path = CategoryTool;
			sourceTree = "<group>";
		};
		60F709BA22D7770000D05534 /* UIStyle */ = {
			isa = PBXGroup;
			children = (
				60F709BB22D7770000D05534 /* UIColor+JSDStyle.h */,
				60F709BC22D7770000D05534 /* UIColor+JSDStyle.m */,
			);
			path = UIStyle;
			sourceTree = "<group>";
		};
		60F709BD22D7770000D05534 /* UIView */ = {
			isa = PBXGroup;
			children = (
				60F709BF22D7770000D05534 /* UIView+JSDFrame.h */,
				60F709BE22D7770000D05534 /* UIView+JSDFrame.m */,
			);
			path = UIView;
			sourceTree = "<group>";
		};
		60F709C022D7770000D05534 /* Modules */ = {
			isa = PBXGroup;
			children = (
				5593331722DD75EE001D37D6 /* Search */,
				6081896A22DCB792007CF7E9 /* Show */,
				559332F722DC4ADC001D37D6 /* Type */,
				6081895A22D9EB87007CF7E9 /* EditItem */,
				6081895522D9DC1C007CF7E9 /* ItemList */,
				60F709C122D7770000D05534 /* Home */,
				60F709C522D7770000D05534 /* My */,
			);
			path = Modules;
			sourceTree = "<group>";
		};
		60F709C122D7770000D05534 /* Home */ = {
			isa = PBXGroup;
			children = (
				60F709C222D7770000D05534 /* Model */,
				60F709C322D7770000D05534 /* View */,
				60F709C422D7770000D05534 /* ViewController */,
			);
			path = Home;
			sourceTree = "<group>";
		};
		60F709C222D7770000D05534 /* Model */ = {
			isa = PBXGroup;
			children = (
				559332F222DC359F001D37D6 /* JSDHomeModel.h */,
				559332F322DC359F001D37D6 /* JSDHomeModel.m */,
				559332F522DC37F9001D37D6 /* typeData.json */,
			);
			path = Model;
			sourceTree = "<group>";
		};
		60F709C322D7770000D05534 /* View */ = {
			isa = PBXGroup;
			children = (
				559332ED22DC321A001D37D6 /* JSDHomeCollectionViewCell.h */,
				559332EE22DC321A001D37D6 /* JSDHomeCollectionViewCell.m */,
				559332EF22DC321A001D37D6 /* JSDHomeCollectionViewCell.xib */,
			);
			path = View;
			sourceTree = "<group>";
		};
		60F709C422D7770000D05534 /* ViewController */ = {
			isa = PBXGroup;
			children = (
				60F709D822D77DA500D05534 /* JSDHomeViewController.h */,
				60F709D922D77DA500D05534 /* JSDHomeViewController.m */,
			);
			path = ViewController;
			sourceTree = "<group>";
		};
		60F709C522D7770000D05534 /* My */ = {
			isa = PBXGroup;
			children = (
				60F709C622D7770000D05534 /* Model */,
				60F709C722D7770000D05534 /* View */,
				60F709C822D7770000D05534 /* ViewController */,
			);
			path = My;
			sourceTree = "<group>";
		};
		60F709C622D7770000D05534 /* Model */ = {
			isa = PBXGroup;
			children = (
			);
			path = Model;
			sourceTree = "<group>";
		};
		60F709C722D7770000D05534 /* View */ = {
			isa = PBXGroup;
			children = (
			);
			path = View;
			sourceTree = "<group>";
		};
		60F709C822D7770000D05534 /* ViewController */ = {
			isa = PBXGroup;
			children = (
			);
			path = ViewController;
			sourceTree = "<group>";
		};
		60F709C922D7770100D05534 /* Base */ = {
			isa = PBXGroup;
			children = (
				60F709CA22D7770100D05534 /* TabBarVC */,
				60F709CD22D7770100D05534 /* ViewController */,
			);
			path = Base;
			sourceTree = "<group>";
		};
		60F709CA22D7770100D05534 /* TabBarVC */ = {
			isa = PBXGroup;
			children = (
				60F709CB22D7770100D05534 /* JSDTabBarController.m */,
				60F709CC22D7770100D05534 /* JSDTabBarController.h */,
			);
			path = TabBarVC;
			sourceTree = "<group>";
		};
		60F709CD22D7770100D05534 /* ViewController */ = {
			isa = PBXGroup;
			children = (
				60F709CF22D7770100D05534 /* JSDBaseNavigationController.h */,
				60F709D122D7770100D05534 /* JSDBaseNavigationController.m */,
				60F709D022D7770100D05534 /* JSDBaseViewController.h */,
				60F709CE22D7770100D05534 /* JSDBaseViewController.m */,
			);
			path = ViewController;
			sourceTree = "<group>";
		};
		60F709D222D7770100D05534 /* Supporting Files */ = {
			isa = PBXGroup;
			children = (
				5593332A22DDCB6A001D37D6 /* collection_default.png */,
				5593332B22DDCB6A001D37D6 /* collection_selected.png */,
				5593332822DDC8A2001D37D6 /* add.png */,
				5593332622DDC647001D37D6 /* search.png */,
				60F709DB22D77E3200D05534 /* JSDMacro.h */,
				60F709DC22D77E3200D05534 /* JSDPrefixHeader.pch */,
				60F709DD22D77E3200D05534 /* JSDPublic.h */,
				553DD0E922D73C7C005D739D /* Info.plist */,
				553DD0EA22D73C7C005D739D /* main.m */,
				553DD0E422D73C7C005D739D /* Assets.xcassets */,
				553DD0E622D73C7C005D739D /* LaunchScreen.storyboard */,
			);
			path = "Supporting Files";
			sourceTree = "<group>";
		};
		60F709DE22D77ED400D05534 /* Application */ = {
			isa = PBXGroup;
			children = (
				553DD0D822D73C79005D739D /* AppDelegate.h */,
				553DD0D922D73C79005D739D /* AppDelegate.m */,
			);
			path = Application;
			sourceTree = "<group>";
		};
		81592758B602A85A4EEE6EB5 /* Frameworks */ = {
			isa = PBXGroup;
			children = (
				59A5F0C2D479B410CED70D5E /* libPods-AccountCheat.a */,
			);
			name = Frameworks;
			sourceTree = "<group>";
		};
		939564EBF7F5DA4AAA2FD03E /* Pods */ = {
			isa = PBXGroup;
			children = (
				1B43226E312D774371B81F5D /* Pods-AccountCheat.debug.xcconfig */,
				CA36B848871123248EBEB14C /* Pods-AccountCheat.release.xcconfig */,
			);
			path = Pods;
			sourceTree = "<group>";
		};
/* End PBXGroup section */

/* Begin PBXNativeTarget section */
		553DD0D422D73C79005D739D /* AccountCheat */ = {
			isa = PBXNativeTarget;
			buildConfigurationList = 553DD0EE22D73C7C005D739D /* Build configuration list for PBXNativeTarget "AccountCheat" */;
			buildPhases = (
				2A2E34882AA8FC10040C8812 /* [CP] Check Pods Manifest.lock */,
				553DD0D122D73C79005D739D /* Sources */,
				553DD0D222D73C79005D739D /* Frameworks */,
				553DD0D322D73C79005D739D /* Resources */,
				1DF5CB2CC42829D1B1BFF812 /* [CP] Copy Pods Resources */,
			);
			buildRules = (
			);
			dependencies = (
			);
			name = AccountCheat;
			productName = AccountCheat;
			productReference = 553DD0D522D73C79005D739D /* AccountCheat.app */;
			productType = "com.apple.product-type.application";
		};
/* End PBXNativeTarget section */

/* Begin PBXProject section */
		553DD0CD22D73C78005D739D /* Project object */ = {
			isa = PBXProject;
			attributes = {
				LastUpgradeCheck = 1100;
				ORGANIZATIONNAME = Jersey;
				TargetAttributes = {
					553DD0D422D73C79005D739D = {
						CreatedOnToolsVersion = 11.0;
					};
				};
			};
			buildConfigurationList = 553DD0D022D73C78005D739D /* Build configuration list for PBXProject "AccountCheat" */;
			compatibilityVersion = "Xcode 9.3";
			developmentRegion = en;
			hasScannedForEncodings = 0;
			knownRegions = (
				en,
				Base,
			);
			mainGroup = 553DD0CC22D73C78005D739D;
			productRefGroup = 553DD0D622D73C79005D739D /* Products */;
			projectDirPath = "";
			projectRoot = "";
			targets = (
				553DD0D422D73C79005D739D /* AccountCheat */,
			);
		};
/* End PBXProject section */

/* Begin PBXResourcesBuildPhase section */
		553DD0D322D73C79005D739D /* Resources */ = {
			isa = PBXResourcesBuildPhase;
			buildActionMask = 2147483647;
			files = (
				559332FF22DC4B14001D37D6 /* JSDAddTypeVC.xib in Resources */,
				6081896722DAE59E007CF7E9 /* JSDEditNoteView.xib in Resources */,
				5593332D22DDCB6A001D37D6 /* collection_selected.png in Resources */,
				5593332522DDA933001D37D6 /* JSDSearchViewCell.xib in Resources */,
				5593332922DDC8A3001D37D6 /* add.png in Resources */,
				5593330622DC71C6001D37D6 /* JSDItemListCell.xib in Resources */,
				5593332C22DDCB6A001D37D6 /* collection_default.png in Resources */,
				5593331622DD6F51001D37D6 /* JSDItemShowViewCell.xib in Resources */,
				559332F622DC37FA001D37D6 /* typeData.json in Resources */,
				553DD0E822D73C7C005D739D /* LaunchScreen.storyboard in Resources */,
				5593332722DDC648001D37D6 /* search.png in Resources */,
				6081897622DCC50E007CF7E9 /* JSDItemTableCell.xib in Resources */,
				553DD0E522D73C7C005D739D /* Assets.xcassets in Resources */,
				559332F122DC321A001D37D6 /* JSDHomeCollectionViewCell.xib in Resources */,
			);
			runOnlyForDeploymentPostprocessing = 0;
		};
/* End PBXResourcesBuildPhase section */

/* Begin PBXShellScriptBuildPhase section */
		1DF5CB2CC42829D1B1BFF812 /* [CP] Copy Pods Resources */ = {
			isa = PBXShellScriptBuildPhase;
			buildActionMask = 2147483647;
			files = (
			);
			inputFileListPaths = (
			);
			inputPaths = (
				"${PODS_ROOT}/Target Support Files/Pods-AccountCheat/Pods-AccountCheat-resources.sh",
				"${PODS_ROOT}/MaterialComponents/components/ActivityIndicator/src/MaterialActivityIndicator.bundle",
				"${PODS_ROOT}/MaterialComponents/components/AppBar/src/MaterialAppBar.bundle",
				"${PODS_ROOT}/MaterialComponents/components/BottomNavigation/src/MaterialBottomNavigation.bundle",
				"${PODS_ROOT}/MaterialComponents/components/CollectionCells/src/MaterialCollectionCells.bundle",
				"${PODS_ROOT}/MaterialComponents/components/Collections/src/MaterialCollections.bundle",
				"${PODS_ROOT}/MaterialComponents/components/Dialogs/src/MaterialDialogs.bundle",
				"${PODS_ROOT}/MaterialComponents/components/FeatureHighlight/src/MaterialFeatureHighlight.bundle",
				"${PODS_ROOT}/MaterialComponents/components/PageControl/src/MaterialPageControl.bundle",
				"${PODS_ROOT}/MaterialComponents/components/Snackbar/src/MaterialSnackbar.bundle",
				"${PODS_ROOT}/MaterialComponents/components/Tabs/src/MaterialTabs.bundle",
				"${PODS_CONFIGURATION_BUILD_DIR}/MaterialComponents/MaterialIcons_ic_arrow_back.bundle",
				"${PODS_CONFIGURATION_BUILD_DIR}/MaterialComponents/MaterialIcons_ic_check.bundle",
				"${PODS_CONFIGURATION_BUILD_DIR}/MaterialComponents/MaterialIcons_ic_check_circle.bundle",
				"${PODS_CONFIGURATION_BUILD_DIR}/MaterialComponents/MaterialIcons_ic_chevron_right.bundle",
				"${PODS_CONFIGURATION_BUILD_DIR}/MaterialComponents/MaterialIcons_ic_color_lens.bundle",
				"${PODS_CONFIGURATION_BUILD_DIR}/MaterialComponents/MaterialIcons_ic_help_outline.bundle",
				"${PODS_CONFIGURATION_BUILD_DIR}/MaterialComponents/MaterialIcons_ic_info.bundle",
				"${PODS_CONFIGURATION_BUILD_DIR}/MaterialComponents/MaterialIcons_ic_more_horiz.bundle",
				"${PODS_CONFIGURATION_BUILD_DIR}/MaterialComponents/MaterialIcons_ic_radio_button_unchecked.bundle",
				"${PODS_CONFIGURATION_BUILD_DIR}/MaterialComponents/MaterialIcons_ic_reorder.bundle",
				"${PODS_CONFIGURATION_BUILD_DIR}/MaterialComponents/MaterialIcons_ic_settings.bundle",
			);
			name = "[CP] Copy Pods Resources";
			outputFileListPaths = (
			);
			outputPaths = (
				"${TARGET_BUILD_DIR}/${UNLOCALIZED_RESOURCES_FOLDER_PATH}/MaterialActivityIndicator.bundle",
				"${TARGET_BUILD_DIR}/${UNLOCALIZED_RESOURCES_FOLDER_PATH}/MaterialAppBar.bundle",
				"${TARGET_BUILD_DIR}/${UNLOCALIZED_RESOURCES_FOLDER_PATH}/MaterialBottomNavigation.bundle",
				"${TARGET_BUILD_DIR}/${UNLOCALIZED_RESOURCES_FOLDER_PATH}/MaterialCollectionCells.bundle",
				"${TARGET_BUILD_DIR}/${UNLOCALIZED_RESOURCES_FOLDER_PATH}/MaterialCollections.bundle",
				"${TARGET_BUILD_DIR}/${UNLOCALIZED_RESOURCES_FOLDER_PATH}/MaterialDialogs.bundle",
				"${TARGET_BUILD_DIR}/${UNLOCALIZED_RESOURCES_FOLDER_PATH}/MaterialFeatureHighlight.bundle",
				"${TARGET_BUILD_DIR}/${UNLOCALIZED_RESOURCES_FOLDER_PATH}/MaterialPageControl.bundle",
				"${TARGET_BUILD_DIR}/${UNLOCALIZED_RESOURCES_FOLDER_PATH}/MaterialSnackbar.bundle",
				"${TARGET_BUILD_DIR}/${UNLOCALIZED_RESOURCES_FOLDER_PATH}/MaterialTabs.bundle",
				"${TARGET_BUILD_DIR}/${UNLOCALIZED_RESOURCES_FOLDER_PATH}/MaterialIcons_ic_arrow_back.bundle",
				"${TARGET_BUILD_DIR}/${UNLOCALIZED_RESOURCES_FOLDER_PATH}/MaterialIcons_ic_check.bundle",
				"${TARGET_BUILD_DIR}/${UNLOCALIZED_RESOURCES_FOLDER_PATH}/MaterialIcons_ic_check_circle.bundle",
				"${TARGET_BUILD_DIR}/${UNLOCALIZED_RESOURCES_FOLDER_PATH}/MaterialIcons_ic_chevron_right.bundle",
				"${TARGET_BUILD_DIR}/${UNLOCALIZED_RESOURCES_FOLDER_PATH}/MaterialIcons_ic_color_lens.bundle",
				"${TARGET_BUILD_DIR}/${UNLOCALIZED_RESOURCES_FOLDER_PATH}/MaterialIcons_ic_help_outline.bundle",
				"${TARGET_BUILD_DIR}/${UNLOCALIZED_RESOURCES_FOLDER_PATH}/MaterialIcons_ic_info.bundle",
				"${TARGET_BUILD_DIR}/${UNLOCALIZED_RESOURCES_FOLDER_PATH}/MaterialIcons_ic_more_horiz.bundle",
				"${TARGET_BUILD_DIR}/${UNLOCALIZED_RESOURCES_FOLDER_PATH}/MaterialIcons_ic_radio_button_unchecked.bundle",
				"${TARGET_BUILD_DIR}/${UNLOCALIZED_RESOURCES_FOLDER_PATH}/MaterialIcons_ic_reorder.bundle",
				"${TARGET_BUILD_DIR}/${UNLOCALIZED_RESOURCES_FOLDER_PATH}/MaterialIcons_ic_settings.bundle",
			);
			runOnlyForDeploymentPostprocessing = 0;
			shellPath = /bin/sh;
			shellScript = "\"${PODS_ROOT}/Target Support Files/Pods-AccountCheat/Pods-AccountCheat-resources.sh\"\n";
			showEnvVarsInLog = 0;
		};
		2A2E34882AA8FC10040C8812 /* [CP] Check Pods Manifest.lock */ = {
			isa = PBXShellScriptBuildPhase;
			buildActionMask = 2147483647;
			files = (
			);
			inputFileListPaths = (
			);
			inputPaths = (
				"${PODS_PODFILE_DIR_PATH}/Podfile.lock",
				"${PODS_ROOT}/Manifest.lock",
			);
			name = "[CP] Check Pods Manifest.lock";
			outputFileListPaths = (
			);
			outputPaths = (
				"$(DERIVED_FILE_DIR)/Pods-AccountCheat-checkManifestLockResult.txt",
			);
			runOnlyForDeploymentPostprocessing = 0;
			shellPath = /bin/sh;
			shellScript = "diff \"${PODS_PODFILE_DIR_PATH}/Podfile.lock\" \"${PODS_ROOT}/Manifest.lock\" > /dev/null\nif [ $? != 0 ] ; then\n    # print error to STDERR\n    echo \"error: The sandbox is not in sync with the Podfile.lock. Run 'pod install' or update your CocoaPods installation.\" >&2\n    exit 1\nfi\n# This output is used by Xcode 'outputs' to avoid re-running this script phase.\necho \"SUCCESS\" > \"${SCRIPT_OUTPUT_FILE_0}\"\n";
			showEnvVarsInLog = 0;
		};
/* End PBXShellScriptBuildPhase section */

/* Begin PBXSourcesBuildPhase section */
		553DD0D122D73C79005D739D /* Sources */ = {
			isa = PBXSourcesBuildPhase;
			buildActionMask = 2147483647;
			files = (
				60F709D722D7770100D05534 /* JSDBaseNavigationController.m in Sources */,
				559332F422DC359F001D37D6 /* JSDHomeModel.m in Sources */,
				5593330522DC71C6001D37D6 /* JSDItemListCell.m in Sources */,
				559332FE22DC4B14001D37D6 /* JSDAddTypeVC.m in Sources */,
				60F709D422D7770100D05534 /* UIView+JSDFrame.m in Sources */,
				6081895E22D9EBBC007CF7E9 /* JSDEditNoteVC.m in Sources */,
				5593332022DD7DD8001D37D6 /* JSDSearchViewModel.m in Sources */,
				559332F022DC321A001D37D6 /* JSDHomeCollectionViewCell.m in Sources */,
				553DD0DA22D73C79005D739D /* AppDelegate.m in Sources */,
				5593331522DD6F51001D37D6 /* JSDItemShowViewCell.m in Sources */,
				60F709DA22D77DA500D05534 /* JSDHomeViewController.m in Sources */,
				5593331D22DD7645001D37D6 /* JSDSearchViewController.m in Sources */,
				6081897522DCC50E007CF7E9 /* JSDItemTableCell.m in Sources */,
				5593330922DC71DE001D37D6 /* JSDItemListViewModel.m in Sources */,
				553DD0EB22D73C7C005D739D /* main.m in Sources */,
				60F709D622D7770100D05534 /* JSDBaseViewController.m in Sources */,
				60F709D322D7770100D05534 /* UIColor+JSDStyle.m in Sources */,
				6081895922D9DC68007CF7E9 /* JSDItemListViewController.m in Sources */,
				60F709D522D7770100D05534 /* JSDTabBarController.m in Sources */,
				5593332422DDA933001D37D6 /* JSDSearchViewCell.m in Sources */,
				6081897122DCC273007CF7E9 /* JSDItemListVC.m in Sources */,
				5593331022DD6EFD001D37D6 /* JSDItemShowVC.m in Sources */,
				6081896322DAE56C007CF7E9 /* JSDEditNoteView.m in Sources */,
			);
			runOnlyForDeploymentPostprocessing = 0;
		};
/* End PBXSourcesBuildPhase section */

/* Begin PBXVariantGroup section */
		553DD0E622D73C7C005D739D /* LaunchScreen.storyboard */ = {
			isa = PBXVariantGroup;
			children = (
				553DD0E722D73C7C005D739D /* Base */,
			);
			name = LaunchScreen.storyboard;
			sourceTree = "<group>";
		};
/* End PBXVariantGroup section */

/* Begin XCBuildConfiguration section */
		553DD0EC22D73C7C005D739D /* Debug */ = {
			isa = XCBuildConfiguration;
			buildSettings = {
				ALWAYS_SEARCH_USER_PATHS = NO;
				CLANG_ANALYZER_NONNULL = YES;
				CLANG_ANALYZER_NUMBER_OBJECT_CONVERSION = YES_AGGRESSIVE;
				CLANG_CXX_LANGUAGE_STANDARD = "gnu++14";
				CLANG_CXX_LIBRARY = "libc++";
				CLANG_ENABLE_MODULES = YES;
				CLANG_ENABLE_OBJC_ARC = YES;
				CLANG_ENABLE_OBJC_WEAK = YES;
				CLANG_WARN_BLOCK_CAPTURE_AUTORELEASING = YES;
				CLANG_WARN_BOOL_CONVERSION = YES;
				CLANG_WARN_COMMA = YES;
				CLANG_WARN_CONSTANT_CONVERSION = YES;
				CLANG_WARN_DEPRECATED_OBJC_IMPLEMENTATIONS = YES;
				CLANG_WARN_DIRECT_OBJC_ISA_USAGE = YES_ERROR;
				CLANG_WARN_DOCUMENTATION_COMMENTS = YES;
				CLANG_WARN_EMPTY_BODY = YES;
				CLANG_WARN_ENUM_CONVERSION = YES;
				CLANG_WARN_INFINITE_RECURSION = YES;
				CLANG_WARN_INT_CONVERSION = YES;
				CLANG_WARN_NON_LITERAL_NULL_CONVERSION = YES;
				CLANG_WARN_OBJC_IMPLICIT_RETAIN_SELF = YES;
				CLANG_WARN_OBJC_LITERAL_CONVERSION = YES;
				CLANG_WARN_OBJC_ROOT_CLASS = YES_ERROR;
				CLANG_WARN_RANGE_LOOP_ANALYSIS = YES;
				CLANG_WARN_STRICT_PROTOTYPES = YES;
				CLANG_WARN_SUSPICIOUS_MOVE = YES;
				CLANG_WARN_UNGUARDED_AVAILABILITY = YES_AGGRESSIVE;
				CLANG_WARN_UNREACHABLE_CODE = YES;
				CLANG_WARN__DUPLICATE_METHOD_MATCH = YES;
				COPY_PHASE_STRIP = NO;
				DEBUG_INFORMATION_FORMAT = dwarf;
				ENABLE_STRICT_OBJC_MSGSEND = YES;
				ENABLE_TESTABILITY = YES;
				GCC_C_LANGUAGE_STANDARD = gnu11;
				GCC_DYNAMIC_NO_PIC = NO;
				GCC_NO_COMMON_BLOCKS = YES;
				GCC_OPTIMIZATION_LEVEL = 0;
				GCC_PREPROCESSOR_DEFINITIONS = (
					"DEBUG=1",
					"$(inherited)",
				);
				GCC_WARN_64_TO_32_BIT_CONVERSION = YES;
				GCC_WARN_ABOUT_RETURN_TYPE = YES_ERROR;
				GCC_WARN_UNDECLARED_SELECTOR = YES;
				GCC_WARN_UNINITIALIZED_AUTOS = YES_AGGRESSIVE;
				GCC_WARN_UNUSED_FUNCTION = YES;
				GCC_WARN_UNUSED_VARIABLE = YES;
				IPHONEOS_DEPLOYMENT_TARGET = 13.0;
				MTL_ENABLE_DEBUG_INFO = INCLUDE_SOURCE;
				MTL_FAST_MATH = YES;
				ONLY_ACTIVE_ARCH = YES;
				SDKROOT = iphoneos;
			};
			name = Debug;
		};
		553DD0ED22D73C7C005D739D /* Release */ = {
			isa = XCBuildConfiguration;
			buildSettings = {
				ALWAYS_SEARCH_USER_PATHS = NO;
				CLANG_ANALYZER_NONNULL = YES;
				CLANG_ANALYZER_NUMBER_OBJECT_CONVERSION = YES_AGGRESSIVE;
				CLANG_CXX_LANGUAGE_STANDARD = "gnu++14";
				CLANG_CXX_LIBRARY = "libc++";
				CLANG_ENABLE_MODULES = YES;
				CLANG_ENABLE_OBJC_ARC = YES;
				CLANG_ENABLE_OBJC_WEAK = YES;
				CLANG_WARN_BLOCK_CAPTURE_AUTORELEASING = YES;
				CLANG_WARN_BOOL_CONVERSION = YES;
				CLANG_WARN_COMMA = YES;
				CLANG_WARN_CONSTANT_CONVERSION = YES;
				CLANG_WARN_DEPRECATED_OBJC_IMPLEMENTATIONS = YES;
				CLANG_WARN_DIRECT_OBJC_ISA_USAGE = YES_ERROR;
				CLANG_WARN_DOCUMENTATION_COMMENTS = YES;
				CLANG_WARN_EMPTY_BODY = YES;
				CLANG_WARN_ENUM_CONVERSION = YES;
				CLANG_WARN_INFINITE_RECURSION = YES;
				CLANG_WARN_INT_CONVERSION = YES;
				CLANG_WARN_NON_LITERAL_NULL_CONVERSION = YES;
				CLANG_WARN_OBJC_IMPLICIT_RETAIN_SELF = YES;
				CLANG_WARN_OBJC_LITERAL_CONVERSION = YES;
				CLANG_WARN_OBJC_ROOT_CLASS = YES_ERROR;
				CLANG_WARN_RANGE_LOOP_ANALYSIS = YES;
				CLANG_WARN_STRICT_PROTOTYPES = YES;
				CLANG_WARN_SUSPICIOUS_MOVE = YES;
				CLANG_WARN_UNGUARDED_AVAILABILITY = YES_AGGRESSIVE;
				CLANG_WARN_UNREACHABLE_CODE = YES;
				CLANG_WARN__DUPLICATE_METHOD_MATCH = YES;
				COPY_PHASE_STRIP = NO;
				DEBUG_INFORMATION_FORMAT = "dwarf-with-dsym";
				ENABLE_NS_ASSERTIONS = NO;
				ENABLE_STRICT_OBJC_MSGSEND = YES;
				GCC_C_LANGUAGE_STANDARD = gnu11;
				GCC_NO_COMMON_BLOCKS = YES;
				GCC_WARN_64_TO_32_BIT_CONVERSION = YES;
				GCC_WARN_ABOUT_RETURN_TYPE = YES_ERROR;
				GCC_WARN_UNDECLARED_SELECTOR = YES;
				GCC_WARN_UNINITIALIZED_AUTOS = YES_AGGRESSIVE;
				GCC_WARN_UNUSED_FUNCTION = YES;
				GCC_WARN_UNUSED_VARIABLE = YES;
				IPHONEOS_DEPLOYMENT_TARGET = 13.0;
				MTL_ENABLE_DEBUG_INFO = NO;
				MTL_FAST_MATH = YES;
				SDKROOT = iphoneos;
				VALIDATE_PRODUCT = YES;
			};
			name = Release;
		};
		553DD0EF22D73C7C005D739D /* Debug */ = {
			isa = XCBuildConfiguration;
			baseConfigurationReference = 1B43226E312D774371B81F5D /* Pods-AccountCheat.debug.xcconfig */;
			buildSettings = {
				ASSETCATALOG_COMPILER_APPICON_NAME = AppIcon;
				CODE_SIGN_IDENTITY = "iPhone Developer";
				CODE_SIGN_STYLE = Automatic;
				DEVELOPMENT_TEAM = WMH655YJ87;
				GCC_PREFIX_HEADER = "$(SRCROOT)/AccountCheat/Supporting Files/JSDPrefixHeader.pch";
				INFOPLIST_FILE = "$(SRCROOT)/AccountCheat/Supporting Files/Info.plist";
				IPHONEOS_DEPLOYMENT_TARGET = 9.0;
				LD_RUNPATH_SEARCH_PATHS = (
					"$(inherited)",
					"@executable_path/Frameworks",
				);
				PRODUCT_BUNDLE_IDENTIFIER = com.jerseyCafe.AccountCheat;
				PRODUCT_NAME = "$(TARGET_NAME)";
				PROVISIONING_PROFILE_SPECIFIER = "";
				TARGETED_DEVICE_FAMILY = 1;
			};
			name = Debug;
		};
		553DD0F022D73C7C005D739D /* Release */ = {
			isa = XCBuildConfiguration;
			baseConfigurationReference = CA36B848871123248EBEB14C /* Pods-AccountCheat.release.xcconfig */;
			buildSettings = {
				ASSETCATALOG_COMPILER_APPICON_NAME = AppIcon;
				CODE_SIGN_IDENTITY = "iPhone Developer";
				CODE_SIGN_STYLE = Automatic;
				DEVELOPMENT_TEAM = WMH655YJ87;
				GCC_PREFIX_HEADER = "$(SRCROOT)/AccountCheat/Supporting Files/JSDPrefixHeader.pch";
				INFOPLIST_FILE = "$(SRCROOT)/AccountCheat/Supporting Files/Info.plist";
				IPHONEOS_DEPLOYMENT_TARGET = 9.0;
				LD_RUNPATH_SEARCH_PATHS = (
					"$(inherited)",
					"@executable_path/Frameworks",
				);
				PRODUCT_BUNDLE_IDENTIFIER = com.jerseyCafe.AccountCheat;
				PRODUCT_NAME = "$(TARGET_NAME)";
				PROVISIONING_PROFILE_SPECIFIER = "";
				TARGETED_DEVICE_FAMILY = 1;
			};
			name = Release;
		};
/* End XCBuildConfiguration section */

/* Begin XCConfigurationList section */
		553DD0D022D73C78005D739D /* Build configuration list for PBXProject "AccountCheat" */ = {
			isa = XCConfigurationList;
			buildConfigurations = (
				553DD0EC22D73C7C005D739D /* Debug */,
				553DD0ED22D73C7C005D739D /* Release */,
			);
			defaultConfigurationIsVisible = 0;
			defaultConfigurationName = Release;
		};
		553DD0EE22D73C7C005D739D /* Build configuration list for PBXNativeTarget "AccountCheat" */ = {
			isa = XCConfigurationList;
			buildConfigurations = (
				553DD0EF22D73C7C005D739D /* Debug */,
				553DD0F022D73C7C005D739D /* Release */,
			);
			defaultConfigurationIsVisible = 0;
			defaultConfigurationName = Release;
		};
/* End XCConfigurationList section */
	};
	rootObject = 553DD0CD22D73C78005D739D /* Project object */;
}
